{
  "object": {
    "pins": [
      {
        "package": "Starscream",
        "repositoryURL": "https://github.com/daltoniam/Starscream",
        "state": {
          "branch": null,
          "revision": "ac6c0fc9da221873e01bd1a0d4818498a71eef33",
          "version": "4.0.6"
        }
      }
    ]
  },
  "version": 1
}
