// !$*UTF8*$!
{
	archiveVersion = 1;
	classes = {
	};
	objectVersion = 46;
	objects = {

/* Begin PBXBuildFile section */
		572EF21F1B51F16C00EEBB58 /* SocketIO.h in Headers */ = {isa = PBXBuildFile; fileRef = 572EF21E1B51F16C00EEBB58 /* SocketIO.h */; settings = {ATTRIBUTES = (Public, ); }; };
		572EF2251B51F16C00EEBB58 /* SocketIO.framework in Frameworks */ = {isa = PBXBuildFile; fileRef = 572EF2191B51F16C00EEBB58 /* SocketIO.framework */; };
		572EF23D1B51F18A00EEBB58 /* SocketIO-Mac.h in Headers */ = {isa = PBXBuildFile; fileRef = 572EF23C1B51F18A00EEBB58 /* SocketIO-Mac.h */; settings = {ATTRIBUTES = (Public, ); }; };
		572EF2431B51F18A00EEBB58 /* SocketIO.framework in Frameworks */ = {isa = PBXBuildFile; fileRef = 572EF2381B51F18A00EEBB58 /* SocketIO.framework */; };
		57634A111BD9B46A00E19CD7 /* SocketIO.h in Headers */ = {isa = PBXBuildFile; fileRef = 572EF21E1B51F16C00EEBB58 /* SocketIO.h */; settings = {ATTRIBUTES = (Public, ); }; };
		57634A231BD9B46D00E19CD7 /* SocketSideEffectTest.swift in Sources */ = {isa = PBXBuildFile; fileRef = 7472C65E1BCAC46E003CA70D /* SocketSideEffectTest.swift */; };
		57634A2A1BD9B46D00E19CD7 /* SocketEngineTest.swift in Sources */ = {isa = PBXBuildFile; fileRef = 741F39ED1BD025D80026C9CC /* SocketEngineTest.swift */; };
		57634A2F1BD9B46D00E19CD7 /* SocketBasicPacketTest.swift in Sources */ = {isa = PBXBuildFile; fileRef = 74F124EF1BC574CF002966F4 /* SocketBasicPacketTest.swift */; };
		57634A321BD9B46D00E19CD7 /* SocketNamespacePacketTest.swift in Sources */ = {isa = PBXBuildFile; fileRef = 7472C65B1BCAB53E003CA70D /* SocketNamespacePacketTest.swift */; };
		57634A3F1BD9B4BF00E19CD7 /* SocketIO.framework in Frameworks */ = {isa = PBXBuildFile; fileRef = 57634A161BD9B46A00E19CD7 /* SocketIO.framework */; };
		6CA08A961D615C040061FD2A /* Security.framework in Frameworks */ = {isa = PBXBuildFile; fileRef = 6CA08A951D615C040061FD2A /* Security.framework */; };
		6CA08A981D615C0B0061FD2A /* Security.framework in Frameworks */ = {isa = PBXBuildFile; fileRef = 6CA08A971D615C0B0061FD2A /* Security.framework */; };
		6CA08A9A1D615C140061FD2A /* Security.framework in Frameworks */ = {isa = PBXBuildFile; fileRef = 6CA08A991D615C140061FD2A /* Security.framework */; };
		741F39EE1BD025D80026C9CC /* SocketEngineTest.swift in Sources */ = {isa = PBXBuildFile; fileRef = 741F39ED1BD025D80026C9CC /* SocketEngineTest.swift */; };
		741F39EF1BD025D80026C9CC /* SocketEngineTest.swift in Sources */ = {isa = PBXBuildFile; fileRef = 741F39ED1BD025D80026C9CC /* SocketEngineTest.swift */; };
		742D150C1CA5794B00BD987D /* SocketObjectiveCTest.m in Sources */ = {isa = PBXBuildFile; fileRef = 742D150B1CA5794B00BD987D /* SocketObjectiveCTest.m */; };
		74321DCB1C2D939A00CF6F43 /* SocketAckManagerTest.swift in Sources */ = {isa = PBXBuildFile; fileRef = 74321DC91C2D939A00CF6F43 /* SocketAckManagerTest.swift */; };
		74321DCC1C2D939A00CF6F43 /* SocketParserTest.swift in Sources */ = {isa = PBXBuildFile; fileRef = 74321DCA1C2D939A00CF6F43 /* SocketParserTest.swift */; };
		7472C65C1BCAB53E003CA70D /* SocketNamespacePacketTest.swift in Sources */ = {isa = PBXBuildFile; fileRef = 7472C65B1BCAB53E003CA70D /* SocketNamespacePacketTest.swift */; };
		7472C65D1BCAB53E003CA70D /* SocketNamespacePacketTest.swift in Sources */ = {isa = PBXBuildFile; fileRef = 7472C65B1BCAB53E003CA70D /* SocketNamespacePacketTest.swift */; };
		7472C65F1BCAC46E003CA70D /* SocketSideEffectTest.swift in Sources */ = {isa = PBXBuildFile; fileRef = 7472C65E1BCAC46E003CA70D /* SocketSideEffectTest.swift */; };
		7472C6601BCAC46E003CA70D /* SocketSideEffectTest.swift in Sources */ = {isa = PBXBuildFile; fileRef = 7472C65E1BCAC46E003CA70D /* SocketSideEffectTest.swift */; };
		747BC59F1D5F9BA200CA5FA4 /* SocketIOClientConfigurationTest.swift in Sources */ = {isa = PBXBuildFile; fileRef = 747BC59E1D5F9BA200CA5FA4 /* SocketIOClientConfigurationTest.swift */; };
		74DA21721F094408009C19EE /* libz.tbd in Frameworks */ = {isa = PBXBuildFile; fileRef = 74DA21711F094408009C19EE /* libz.tbd */; };
		74DA21741F09440F009C19EE /* libz.tbd in Frameworks */ = {isa = PBXBuildFile; fileRef = 74DA21731F09440F009C19EE /* libz.tbd */; };
		74DA21761F094417009C19EE /* libz.tbd in Frameworks */ = {isa = PBXBuildFile; fileRef = 74DA21751F094417009C19EE /* libz.tbd */; };
		74DA217C1F09457B009C19EE /* libz.tbd in Frameworks */ = {isa = PBXBuildFile; fileRef = 74DA21731F09440F009C19EE /* libz.tbd */; };
		74F124F01BC574CF002966F4 /* SocketBasicPacketTest.swift in Sources */ = {isa = PBXBuildFile; fileRef = 74F124EF1BC574CF002966F4 /* SocketBasicPacketTest.swift */; };
		74F124F11BC574CF002966F4 /* SocketBasicPacketTest.swift in Sources */ = {isa = PBXBuildFile; fileRef = 74F124EF1BC574CF002966F4 /* SocketBasicPacketTest.swift */; };
		DD52B048C71D724ABBD18C71 /* SocketTypes.swift in Sources */ = {isa = PBXBuildFile; fileRef = DD52BDC9E66AADA2CC5E8246 /* SocketTypes.swift */; };
		DD52B06F898CD9164AC8F80E /* SocketAnyEvent.swift in Sources */ = {isa = PBXBuildFile; fileRef = DD52B5A9DE10C7A8AD35617F /* SocketAnyEvent.swift */; };
		DD52B099A5166C5FF975FAB5 /* SocketClientManager.swift in Sources */ = {isa = PBXBuildFile; fileRef = DD52B282975446C9A9C56D7B /* SocketClientManager.swift */; };
		DD52B0A84B1EBF50C84481D1 /* SocketAckManager.swift in Sources */ = {isa = PBXBuildFile; fileRef = DD52B09F7984E730513AB7E5 /* SocketAckManager.swift */; };
		DD52B0C7C017460057CEF1A5 /* SocketTypes.swift in Sources */ = {isa = PBXBuildFile; fileRef = DD52BDC9E66AADA2CC5E8246 /* SocketTypes.swift */; };
		DD52B1081FF25DF079E0B5D2 /* SocketEngineSpec.swift in Sources */ = {isa = PBXBuildFile; fileRef = DD52B645273A873667BC2D43 /* SocketEngineSpec.swift */; };
		DD52B11AF936352BAE30B2C8 /* SocketStringReader.swift in Sources */ = {isa = PBXBuildFile; fileRef = DD52BA240D139F72633D4159 /* SocketStringReader.swift */; };
		DD52B16128003D74FC23A01F /* SocketIOClient.swift in Sources */ = {isa = PBXBuildFile; fileRef = DD52BA1F41F2E4B3DC20260E /* SocketIOClient.swift */; };
		DD52B1653EB81FAA48E15A22 /* SocketExtensions.swift in Sources */ = {isa = PBXBuildFile; fileRef = DD52B471D780013E18DF9335 /* SocketExtensions.swift */; };
		DD52B1B2424B764C1F5B0CDF /* SocketEngineWebsocket.swift in Sources */ = {isa = PBXBuildFile; fileRef = DD52BE9AD8B2BD7F841CD1D4 /* SocketEngineWebsocket.swift */; };
		DD52B1F8BA0455EBE7C1B93E /* SocketAckEmitter.swift in Sources */ = {isa = PBXBuildFile; fileRef = DD52BFF2E3216CDC364BB8AF /* SocketAckEmitter.swift */; };
		DD52B1FDEB06B853FF932AC7 /* SocketEnginePacketType.swift in Sources */ = {isa = PBXBuildFile; fileRef = DD52B4EA17D8C3F35C8E2CB4 /* SocketEnginePacketType.swift */; };
		DD52B1FEE4C81226884B1E67 /* SocketIOClientOption.swift in Sources */ = {isa = PBXBuildFile; fileRef = DD52B078DB0A3C3D1BB507CD /* SocketIOClientOption.swift */; };
		DD52B2023B7D10D7D733513D /* SocketAckEmitter.swift in Sources */ = {isa = PBXBuildFile; fileRef = DD52BFF2E3216CDC364BB8AF /* SocketAckEmitter.swift */; };
		DD52B203B4F32D84A6CFDFE7 /* SocketEngine.swift in Sources */ = {isa = PBXBuildFile; fileRef = DD52B7A9779A2E08075E5AAC /* SocketEngine.swift */; };
		DD52B2386039DD776E9A5270 /* SocketEngineWebsocket.swift in Sources */ = {isa = PBXBuildFile; fileRef = DD52BE9AD8B2BD7F841CD1D4 /* SocketEngineWebsocket.swift */; };
		DD52B25B365B0EDB9F6E88EA /* SocketIOClientConfiguration.swift in Sources */ = {isa = PBXBuildFile; fileRef = DD52B57FFEE8560CFFD793B3 /* SocketIOClientConfiguration.swift */; };
		DD52B26DA9E4D566276B7E49 /* SocketIOClient.swift in Sources */ = {isa = PBXBuildFile; fileRef = DD52BA1F41F2E4B3DC20260E /* SocketIOClient.swift */; };
		DD52B27DABA4C475B850A326 /* SocketEventHandler.swift in Sources */ = {isa = PBXBuildFile; fileRef = DD52B6DCCBBAC6BE9C22568D /* SocketEventHandler.swift */; };
		DD52B28103E47A9BE15494A5 /* SocketLogger.swift in Sources */ = {isa = PBXBuildFile; fileRef = DD52BED81BF312B0E90E92AC /* SocketLogger.swift */; };
		DD52B2AFE7D46039C7AE4D19 /* SocketIOClientOption.swift in Sources */ = {isa = PBXBuildFile; fileRef = DD52B078DB0A3C3D1BB507CD /* SocketIOClientOption.swift */; };
		DD52B3105268735BDB1F6612 /* SocketTypes.swift in Sources */ = {isa = PBXBuildFile; fileRef = DD52BDC9E66AADA2CC5E8246 /* SocketTypes.swift */; };
		DD52B319CF9D6FAE75119A58 /* SocketAckEmitter.swift in Sources */ = {isa = PBXBuildFile; fileRef = DD52BFF2E3216CDC364BB8AF /* SocketAckEmitter.swift */; };
		DD52B396621157BBA175DE7E /* SocketEnginePacketType.swift in Sources */ = {isa = PBXBuildFile; fileRef = DD52B4EA17D8C3F35C8E2CB4 /* SocketEnginePacketType.swift */; };
		DD52B3A6C1E082841C35C85D /* SocketEngineClient.swift in Sources */ = {isa = PBXBuildFile; fileRef = DD52BE5FDCE1D684132E897C /* SocketEngineClient.swift */; };
		DD52B3C95BFA9E9D9FA30D6D /* SocketLogger.swift in Sources */ = {isa = PBXBuildFile; fileRef = DD52BED81BF312B0E90E92AC /* SocketLogger.swift */; };
		DD52B3D941DB2A0C678F8251 /* SocketIOClientStatus.swift in Sources */ = {isa = PBXBuildFile; fileRef = DD52B1D9BC4AE46D38D827DE /* SocketIOClientStatus.swift */; };
		DD52B4223DCCB75630441370 /* SocketIOClientSpec.swift in Sources */ = {isa = PBXBuildFile; fileRef = DD52BCAF915A546288664346 /* SocketIOClientSpec.swift */; };
		DD52B44AE56F2E07F3F3F991 /* SocketAckManager.swift in Sources */ = {isa = PBXBuildFile; fileRef = DD52B09F7984E730513AB7E5 /* SocketAckManager.swift */; };
		DD52B4DFA12F2599410205D9 /* SocketEngineWebsocket.swift in Sources */ = {isa = PBXBuildFile; fileRef = DD52BE9AD8B2BD7F841CD1D4 /* SocketEngineWebsocket.swift */; };
		DD52B4E953A0B2BFB1626416 /* SocketStringReader.swift in Sources */ = {isa = PBXBuildFile; fileRef = DD52BA240D139F72633D4159 /* SocketStringReader.swift */; };
		DD52B56DE03CDB4F40BD1A23 /* SocketExtensions.swift in Sources */ = {isa = PBXBuildFile; fileRef = DD52B471D780013E18DF9335 /* SocketExtensions.swift */; };
		DD52B57E7ABC61B57EE2A4B8 /* SocketPacket.swift in Sources */ = {isa = PBXBuildFile; fileRef = DD52B59C11D3D2BC63612E50 /* SocketPacket.swift */; };
		DD52B633A16E194E761813CB /* SocketEngineSpec.swift in Sources */ = {isa = PBXBuildFile; fileRef = DD52B645273A873667BC2D43 /* SocketEngineSpec.swift */; };
		DD52B660D63B6A25C3755AA7 /* SocketClientManager.swift in Sources */ = {isa = PBXBuildFile; fileRef = DD52B282975446C9A9C56D7B /* SocketClientManager.swift */; };
		DD52B6BE1D398DBD144C4D14 /* SocketAnyEvent.swift in Sources */ = {isa = PBXBuildFile; fileRef = DD52B5A9DE10C7A8AD35617F /* SocketAnyEvent.swift */; };
		DD52B6DF3770172053359F51 /* SocketClientManager.swift in Sources */ = {isa = PBXBuildFile; fileRef = DD52B282975446C9A9C56D7B /* SocketClientManager.swift */; };
		DD52B6E44917CA5DFC3CE6B5 /* SocketIOClientStatus.swift in Sources */ = {isa = PBXBuildFile; fileRef = DD52B1D9BC4AE46D38D827DE /* SocketIOClientStatus.swift */; };
		DD52B6FC2F0A6A3106FFCBE3 /* SocketIOClientOption.swift in Sources */ = {isa = PBXBuildFile; fileRef = DD52B078DB0A3C3D1BB507CD /* SocketIOClientOption.swift */; };
		DD52B780FF3E646583BDC192 /* SocketEnginePollable.swift in Sources */ = {isa = PBXBuildFile; fileRef = DD52B2D110F55723F82B108E /* SocketEnginePollable.swift */; };
		DD52B86B8430A179B3D1039D /* SocketEngineClient.swift in Sources */ = {isa = PBXBuildFile; fileRef = DD52BE5FDCE1D684132E897C /* SocketEngineClient.swift */; };
		DD52B883F942CD5A9D29892B /* SocketEnginePollable.swift in Sources */ = {isa = PBXBuildFile; fileRef = DD52B2D110F55723F82B108E /* SocketEnginePollable.swift */; };
		DD52B9412F660F828B683422 /* SocketParsable.swift in Sources */ = {isa = PBXBuildFile; fileRef = DD52B31D0E6815F5F10CEFB6 /* SocketParsable.swift */; };
		DD52BA7825D2D32C3311BE76 /* SocketStringReader.swift in Sources */ = {isa = PBXBuildFile; fileRef = DD52BA240D139F72633D4159 /* SocketStringReader.swift */; };
		DD52BA7DB1DAD7BB1A965CD2 /* SocketEngine.swift in Sources */ = {isa = PBXBuildFile; fileRef = DD52B7A9779A2E08075E5AAC /* SocketEngine.swift */; };
		DD52BAF5C3F7FEF04D5D0932 /* SocketPacket.swift in Sources */ = {isa = PBXBuildFile; fileRef = DD52B59C11D3D2BC63612E50 /* SocketPacket.swift */; };
		DD52BB69B6D260035B652CA4 /* SocketAnyEvent.swift in Sources */ = {isa = PBXBuildFile; fileRef = DD52B5A9DE10C7A8AD35617F /* SocketAnyEvent.swift */; };
		DD52BB6BD8F50D339AD53844 /* SocketIOClientConfiguration.swift in Sources */ = {isa = PBXBuildFile; fileRef = DD52B57FFEE8560CFFD793B3 /* SocketIOClientConfiguration.swift */; };
		DD52BB82239886CF6ADD642C /* SocketEngine.swift in Sources */ = {isa = PBXBuildFile; fileRef = DD52B7A9779A2E08075E5AAC /* SocketEngine.swift */; };
		DD52BB88BD4C5641CFD2E8D4 /* SocketIOClientSpec.swift in Sources */ = {isa = PBXBuildFile; fileRef = DD52BCAF915A546288664346 /* SocketIOClientSpec.swift */; };
		DD52BB9A3E42FF2DD6BE7C2F /* SocketIOClientSpec.swift in Sources */ = {isa = PBXBuildFile; fileRef = DD52BCAF915A546288664346 /* SocketIOClientSpec.swift */; };
		DD52BC0F60703CB9C3A6F594 /* SocketParsable.swift in Sources */ = {isa = PBXBuildFile; fileRef = DD52B31D0E6815F5F10CEFB6 /* SocketParsable.swift */; };
		DD52BC28EC86700F814CCFAA /* SocketPacket.swift in Sources */ = {isa = PBXBuildFile; fileRef = DD52B59C11D3D2BC63612E50 /* SocketPacket.swift */; };
		DD52BC3F1F880820E8FDFD0C /* SocketLogger.swift in Sources */ = {isa = PBXBuildFile; fileRef = DD52BED81BF312B0E90E92AC /* SocketLogger.swift */; };
		DD52BD065B74AC5B77BAEFAA /* SocketIOClientConfiguration.swift in Sources */ = {isa = PBXBuildFile; fileRef = DD52B57FFEE8560CFFD793B3 /* SocketIOClientConfiguration.swift */; };
		DD52BD275A22ADEF73506EB4 /* SocketEngineClient.swift in Sources */ = {isa = PBXBuildFile; fileRef = DD52BE5FDCE1D684132E897C /* SocketEngineClient.swift */; };
		DD52BD9CCA7063C77045A7E7 /* SocketEnginePollable.swift in Sources */ = {isa = PBXBuildFile; fileRef = DD52B2D110F55723F82B108E /* SocketEnginePollable.swift */; };
		DD52BDB51FE41BAB49073BEF /* SocketEventHandler.swift in Sources */ = {isa = PBXBuildFile; fileRef = DD52B6DCCBBAC6BE9C22568D /* SocketEventHandler.swift */; };
		DD52BE14D2DD9C9C9768C2D8 /* SocketParsable.swift in Sources */ = {isa = PBXBuildFile; fileRef = DD52B31D0E6815F5F10CEFB6 /* SocketParsable.swift */; };
		DD52BE29B55736873B00ECC4 /* SocketAckManager.swift in Sources */ = {isa = PBXBuildFile; fileRef = DD52B09F7984E730513AB7E5 /* SocketAckManager.swift */; };
		DD52BE4D1E6BB752CD9614A6 /* SocketIOClientStatus.swift in Sources */ = {isa = PBXBuildFile; fileRef = DD52B1D9BC4AE46D38D827DE /* SocketIOClientStatus.swift */; };
		DD52BF924BEF05E1235CFD29 /* SocketIOClient.swift in Sources */ = {isa = PBXBuildFile; fileRef = DD52BA1F41F2E4B3DC20260E /* SocketIOClient.swift */; };
		DD52BFBC9E7CC32D3515AC80 /* SocketEngineSpec.swift in Sources */ = {isa = PBXBuildFile; fileRef = DD52B645273A873667BC2D43 /* SocketEngineSpec.swift */; };
		DD52BFEB4DBD3BF8D93DAEFF /* SocketEventHandler.swift in Sources */ = {isa = PBXBuildFile; fileRef = DD52B6DCCBBAC6BE9C22568D /* SocketEventHandler.swift */; };
		DD52BFF4CC89C83012182B42 /* SocketExtensions.swift in Sources */ = {isa = PBXBuildFile; fileRef = DD52B471D780013E18DF9335 /* SocketExtensions.swift */; };
		DD52BFFA8473060CB00F5092 /* SocketEnginePacketType.swift in Sources */ = {isa = PBXBuildFile; fileRef = DD52B4EA17D8C3F35C8E2CB4 /* SocketEnginePacketType.swift */; };
/* End PBXBuildFile section */

/* Begin PBXContainerItemProxy section */
		572EF2261B51F16C00EEBB58 /* PBXContainerItemProxy */ = {
			isa = PBXContainerItemProxy;
			containerPortal = 572EF20E1B51F12F00EEBB58 /* Project object */;
			proxyType = 1;
			remoteGlobalIDString = 572EF2181B51F16C00EEBB58;
			remoteInfo = "SocketIO-iOS";
		};
		572EF2441B51F18A00EEBB58 /* PBXContainerItemProxy */ = {
			isa = PBXContainerItemProxy;
			containerPortal = 572EF20E1B51F12F00EEBB58 /* Project object */;
			proxyType = 1;
			remoteGlobalIDString = 572EF2371B51F18A00EEBB58;
			remoteInfo = "SocketIO-Mac";
		};
		57634A3D1BD9B4B800E19CD7 /* PBXContainerItemProxy */ = {
			isa = PBXContainerItemProxy;
			containerPortal = 572EF20E1B51F12F00EEBB58 /* Project object */;
			proxyType = 1;
			remoteGlobalIDString = 576349FA1BD9B46A00E19CD7;
			remoteInfo = "SocketIO-tvOS";
		};
		745225EC1F1BA89E007EA874 /* PBXContainerItemProxy */ = {
			isa = PBXContainerItemProxy;
			containerPortal = 74638B5A1F111CD000F5E1FF /* Starscream.xcodeproj */;
			proxyType = 1;
			remoteGlobalIDString = 6B3E79E519D48B7F006071F7;
			remoteInfo = "Starscream iOS";
		};
		74638B631F111CD000F5E1FF /* PBXContainerItemProxy */ = {
			isa = PBXContainerItemProxy;
			containerPortal = 74638B5A1F111CD000F5E1FF /* Starscream.xcodeproj */;
			proxyType = 2;
			remoteGlobalIDString = 6B3E79E619D48B7F006071F7;
			remoteInfo = "Starscream iOS";
		};
		74638B651F111CD000F5E1FF /* PBXContainerItemProxy */ = {
			isa = PBXContainerItemProxy;
			containerPortal = 74638B5A1F111CD000F5E1FF /* Starscream.xcodeproj */;
			proxyType = 2;
			remoteGlobalIDString = 6B3E79F119D48B7F006071F7;
			remoteInfo = "Starscream iOSTests";
		};
		74638B671F111CD000F5E1FF /* PBXContainerItemProxy */ = {
			isa = PBXContainerItemProxy;
			containerPortal = 74638B5A1F111CD000F5E1FF /* Starscream.xcodeproj */;
			proxyType = 2;
			remoteGlobalIDString = D9C3E35F19E48FF1009FC285;
			remoteInfo = "Starscream OSX";
		};
		74638B691F111CD000F5E1FF /* PBXContainerItemProxy */ = {
			isa = PBXContainerItemProxy;
			containerPortal = 74638B5A1F111CD000F5E1FF /* Starscream.xcodeproj */;
			proxyType = 2;
			remoteGlobalIDString = D9C3E36919E48FF1009FC285;
			remoteInfo = "Starscream OSXTests";
		};
		74638B6B1F111CD000F5E1FF /* PBXContainerItemProxy */ = {
			isa = PBXContainerItemProxy;
			containerPortal = 74638B5A1F111CD000F5E1FF /* Starscream.xcodeproj */;
			proxyType = 2;
			remoteGlobalIDString = 091277971BD673A70003036D;
			remoteInfo = "Starscream tvOS";
		};
		74638B6D1F111CD000F5E1FF /* PBXContainerItemProxy */ = {
			isa = PBXContainerItemProxy;
			containerPortal = 74638B5A1F111CD000F5E1FF /* Starscream.xcodeproj */;
			proxyType = 2;
			remoteGlobalIDString = 091277A01BD673A70003036D;
			remoteInfo = "Starscream tvOSTests";
		};
		74638B711F111CF100F5E1FF /* PBXContainerItemProxy */ = {
			isa = PBXContainerItemProxy;
			containerPortal = 74638B5A1F111CD000F5E1FF /* Starscream.xcodeproj */;
			proxyType = 1;
			remoteGlobalIDString = D9C3E35E19E48FF1009FC285;
			remoteInfo = "Starscream OSX";
		};
		74638B731F111CF600F5E1FF /* PBXContainerItemProxy */ = {
			isa = PBXContainerItemProxy;
			containerPortal = 74638B5A1F111CD000F5E1FF /* Starscream.xcodeproj */;
			proxyType = 1;
			remoteGlobalIDString = 091277961BD673A70003036D;
			remoteInfo = "Starscream tvOS";
		};
/* End PBXContainerItemProxy section */

/* Begin PBXFileReference section */
		572EF2191B51F16C00EEBB58 /* SocketIO.framework */ = {isa = PBXFileReference; explicitFileType = wrapper.framework; includeInIndex = 0; path = SocketIO.framework; sourceTree = BUILT_PRODUCTS_DIR; };
		572EF21D1B51F16C00EEBB58 /* Info.plist */ = {isa = PBXFileReference; lastKnownFileType = text.plist.xml; path = Info.plist; sourceTree = "<group>"; };
		572EF21E1B51F16C00EEBB58 /* SocketIO.h */ = {isa = PBXFileReference; lastKnownFileType = sourcecode.c.h; path = SocketIO.h; sourceTree = "<group>"; };
		572EF2241B51F16C00EEBB58 /* SocketIO-iOSTests.xctest */ = {isa = PBXFileReference; explicitFileType = wrapper.cfbundle; includeInIndex = 0; path = "SocketIO-iOSTests.xctest"; sourceTree = BUILT_PRODUCTS_DIR; };
		572EF2381B51F18A00EEBB58 /* SocketIO.framework */ = {isa = PBXFileReference; explicitFileType = wrapper.framework; includeInIndex = 0; path = SocketIO.framework; sourceTree = BUILT_PRODUCTS_DIR; };
		572EF23B1B51F18A00EEBB58 /* Info.plist */ = {isa = PBXFileReference; lastKnownFileType = text.plist.xml; path = Info.plist; sourceTree = "<group>"; };
		572EF23C1B51F18A00EEBB58 /* SocketIO-Mac.h */ = {isa = PBXFileReference; lastKnownFileType = sourcecode.c.h; path = "SocketIO-Mac.h"; sourceTree = "<group>"; };
		572EF2421B51F18A00EEBB58 /* SocketIO-MacTests.xctest */ = {isa = PBXFileReference; explicitFileType = wrapper.cfbundle; includeInIndex = 0; path = "SocketIO-MacTests.xctest"; sourceTree = BUILT_PRODUCTS_DIR; };
		572EF2481B51F18A00EEBB58 /* Info.plist */ = {isa = PBXFileReference; lastKnownFileType = text.plist.xml; path = Info.plist; sourceTree = "<group>"; };
		57634A161BD9B46A00E19CD7 /* SocketIO.framework */ = {isa = PBXFileReference; explicitFileType = wrapper.framework; includeInIndex = 0; path = SocketIO.framework; sourceTree = BUILT_PRODUCTS_DIR; };
		57634A3B1BD9B46D00E19CD7 /* SocketIO-tvOSTests.xctest */ = {isa = PBXFileReference; explicitFileType = wrapper.cfbundle; includeInIndex = 0; path = "SocketIO-tvOSTests.xctest"; sourceTree = BUILT_PRODUCTS_DIR; };
		6CA08A951D615C040061FD2A /* Security.framework */ = {isa = PBXFileReference; lastKnownFileType = wrapper.framework; name = Security.framework; path = Platforms/iPhoneOS.platform/Developer/SDKs/iPhoneOS9.3.sdk/System/Library/Frameworks/Security.framework; sourceTree = DEVELOPER_DIR; };
		6CA08A971D615C0B0061FD2A /* Security.framework */ = {isa = PBXFileReference; lastKnownFileType = wrapper.framework; name = Security.framework; path = System/Library/Frameworks/Security.framework; sourceTree = SDKROOT; };
		6CA08A991D615C140061FD2A /* Security.framework */ = {isa = PBXFileReference; lastKnownFileType = wrapper.framework; name = Security.framework; path = Platforms/AppleTVOS.platform/Developer/SDKs/AppleTVOS9.2.sdk/System/Library/Frameworks/Security.framework; sourceTree = DEVELOPER_DIR; };
		741F39ED1BD025D80026C9CC /* SocketEngineTest.swift */ = {isa = PBXFileReference; fileEncoding = 4; lastKnownFileType = sourcecode.swift; path = SocketEngineTest.swift; sourceTree = "<group>"; };
		742D150B1CA5794B00BD987D /* SocketObjectiveCTest.m */ = {isa = PBXFileReference; fileEncoding = 4; lastKnownFileType = sourcecode.c.objc; path = SocketObjectiveCTest.m; sourceTree = "<group>"; };
		74321DC91C2D939A00CF6F43 /* SocketAckManagerTest.swift */ = {isa = PBXFileReference; lastKnownFileType = sourcecode.swift; path = SocketAckManagerTest.swift; sourceTree = "<group>"; };
		74321DCA1C2D939A00CF6F43 /* SocketParserTest.swift */ = {isa = PBXFileReference; lastKnownFileType = sourcecode.swift; path = SocketParserTest.swift; sourceTree = "<group>"; };
		74638B5A1F111CD000F5E1FF /* Starscream.xcodeproj */ = {isa = PBXFileReference; lastKnownFileType = "wrapper.pb-project"; name = Starscream.xcodeproj; path = Source/Starscream/Starscream.xcodeproj; sourceTree = "<group>"; };
		7472C65B1BCAB53E003CA70D /* SocketNamespacePacketTest.swift */ = {isa = PBXFileReference; fileEncoding = 4; lastKnownFileType = sourcecode.swift; path = SocketNamespacePacketTest.swift; sourceTree = "<group>"; };
		7472C65E1BCAC46E003CA70D /* SocketSideEffectTest.swift */ = {isa = PBXFileReference; fileEncoding = 4; lastKnownFileType = sourcecode.swift; path = SocketSideEffectTest.swift; sourceTree = "<group>"; };
		747BC59E1D5F9BA200CA5FA4 /* SocketIOClientConfigurationTest.swift */ = {isa = PBXFileReference; fileEncoding = 4; lastKnownFileType = sourcecode.swift; path = SocketIOClientConfigurationTest.swift; sourceTree = "<group>"; };
		74DA21711F094408009C19EE /* libz.tbd */ = {isa = PBXFileReference; lastKnownFileType = "sourcecode.text-based-dylib-definition"; name = libz.tbd; path = Platforms/iPhoneOS.platform/Developer/SDKs/iPhoneOS10.3.sdk/usr/lib/libz.tbd; sourceTree = DEVELOPER_DIR; };
		74DA21731F09440F009C19EE /* libz.tbd */ = {isa = PBXFileReference; lastKnownFileType = "sourcecode.text-based-dylib-definition"; name = libz.tbd; path = usr/lib/libz.tbd; sourceTree = SDKROOT; };
		74DA21751F094417009C19EE /* libz.tbd */ = {isa = PBXFileReference; lastKnownFileType = "sourcecode.text-based-dylib-definition"; name = libz.tbd; path = Platforms/AppleTVOS.platform/Developer/SDKs/AppleTVOS10.2.sdk/usr/lib/libz.tbd; sourceTree = DEVELOPER_DIR; };
		74DA217D1F0945E9009C19EE /* libcommonCrypto.tbd */ = {isa = PBXFileReference; lastKnownFileType = "sourcecode.text-based-dylib-definition"; name = libcommonCrypto.tbd; path = usr/lib/system/libcommonCrypto.tbd; sourceTree = SDKROOT; };
		74F124EF1BC574CF002966F4 /* SocketBasicPacketTest.swift */ = {isa = PBXFileReference; fileEncoding = 4; lastKnownFileType = sourcecode.swift; path = SocketBasicPacketTest.swift; sourceTree = "<group>"; };
		DD52B078DB0A3C3D1BB507CD /* SocketIOClientOption.swift */ = {isa = PBXFileReference; fileEncoding = 4; lastKnownFileType = sourcecode.swift; path = SocketIOClientOption.swift; sourceTree = "<group>"; };
		DD52B09F7984E730513AB7E5 /* SocketAckManager.swift */ = {isa = PBXFileReference; fileEncoding = 4; lastKnownFileType = sourcecode.swift; path = SocketAckManager.swift; sourceTree = "<group>"; };
		DD52B1D9BC4AE46D38D827DE /* SocketIOClientStatus.swift */ = {isa = PBXFileReference; fileEncoding = 4; lastKnownFileType = sourcecode.swift; path = SocketIOClientStatus.swift; sourceTree = "<group>"; };
		DD52B282975446C9A9C56D7B /* SocketClientManager.swift */ = {isa = PBXFileReference; fileEncoding = 4; lastKnownFileType = sourcecode.swift; path = SocketClientManager.swift; sourceTree = "<group>"; };
		DD52B2D110F55723F82B108E /* SocketEnginePollable.swift */ = {isa = PBXFileReference; fileEncoding = 4; lastKnownFileType = sourcecode.swift; path = SocketEnginePollable.swift; sourceTree = "<group>"; };
		DD52B31D0E6815F5F10CEFB6 /* SocketParsable.swift */ = {isa = PBXFileReference; fileEncoding = 4; lastKnownFileType = sourcecode.swift; path = SocketParsable.swift; sourceTree = "<group>"; };
		DD52B471D780013E18DF9335 /* SocketExtensions.swift */ = {isa = PBXFileReference; fileEncoding = 4; lastKnownFileType = sourcecode.swift; path = SocketExtensions.swift; sourceTree = "<group>"; };
		DD52B4EA17D8C3F35C8E2CB4 /* SocketEnginePacketType.swift */ = {isa = PBXFileReference; fileEncoding = 4; lastKnownFileType = sourcecode.swift; path = SocketEnginePacketType.swift; sourceTree = "<group>"; };
		DD52B57FFEE8560CFFD793B3 /* SocketIOClientConfiguration.swift */ = {isa = PBXFileReference; fileEncoding = 4; lastKnownFileType = sourcecode.swift; path = SocketIOClientConfiguration.swift; sourceTree = "<group>"; };
		DD52B59C11D3D2BC63612E50 /* SocketPacket.swift */ = {isa = PBXFileReference; fileEncoding = 4; lastKnownFileType = sourcecode.swift; path = SocketPacket.swift; sourceTree = "<group>"; };
		DD52B5A9DE10C7A8AD35617F /* SocketAnyEvent.swift */ = {isa = PBXFileReference; fileEncoding = 4; lastKnownFileType = sourcecode.swift; path = SocketAnyEvent.swift; sourceTree = "<group>"; };
		DD52B645273A873667BC2D43 /* SocketEngineSpec.swift */ = {isa = PBXFileReference; fileEncoding = 4; lastKnownFileType = sourcecode.swift; path = SocketEngineSpec.swift; sourceTree = "<group>"; };
		DD52B6DCCBBAC6BE9C22568D /* SocketEventHandler.swift */ = {isa = PBXFileReference; fileEncoding = 4; lastKnownFileType = sourcecode.swift; path = SocketEventHandler.swift; sourceTree = "<group>"; };
		DD52B7A9779A2E08075E5AAC /* SocketEngine.swift */ = {isa = PBXFileReference; fileEncoding = 4; lastKnownFileType = sourcecode.swift; path = SocketEngine.swift; sourceTree = "<group>"; };
		DD52BA1F41F2E4B3DC20260E /* SocketIOClient.swift */ = {isa = PBXFileReference; fileEncoding = 4; lastKnownFileType = sourcecode.swift; path = SocketIOClient.swift; sourceTree = "<group>"; };
		DD52BA240D139F72633D4159 /* SocketStringReader.swift */ = {isa = PBXFileReference; fileEncoding = 4; lastKnownFileType = sourcecode.swift; path = SocketStringReader.swift; sourceTree = "<group>"; };
		DD52BCAF915A546288664346 /* SocketIOClientSpec.swift */ = {isa = PBXFileReference; fileEncoding = 4; lastKnownFileType = sourcecode.swift; path = SocketIOClientSpec.swift; sourceTree = "<group>"; };
		DD52BDC9E66AADA2CC5E8246 /* SocketTypes.swift */ = {isa = PBXFileReference; fileEncoding = 4; lastKnownFileType = sourcecode.swift; path = SocketTypes.swift; sourceTree = "<group>"; };
		DD52BE5FDCE1D684132E897C /* SocketEngineClient.swift */ = {isa = PBXFileReference; fileEncoding = 4; lastKnownFileType = sourcecode.swift; path = SocketEngineClient.swift; sourceTree = "<group>"; };
		DD52BE9AD8B2BD7F841CD1D4 /* SocketEngineWebsocket.swift */ = {isa = PBXFileReference; fileEncoding = 4; lastKnownFileType = sourcecode.swift; path = SocketEngineWebsocket.swift; sourceTree = "<group>"; };
		DD52BED81BF312B0E90E92AC /* SocketLogger.swift */ = {isa = PBXFileReference; fileEncoding = 4; lastKnownFileType = sourcecode.swift; path = SocketLogger.swift; sourceTree = "<group>"; };
		DD52BFF2E3216CDC364BB8AF /* SocketAckEmitter.swift */ = {isa = PBXFileReference; fileEncoding = 4; lastKnownFileType = sourcecode.swift; path = SocketAckEmitter.swift; sourceTree = "<group>"; };
/* End PBXFileReference section */

/* Begin PBXFrameworksBuildPhase section */
		572EF2151B51F16C00EEBB58 /* Frameworks */ = {
			isa = PBXFrameworksBuildPhase;
			buildActionMask = 2147483647;
			files = (
				74DA21721F094408009C19EE /* libz.tbd in Frameworks */,
				6CA08A961D615C040061FD2A /* Security.framework in Frameworks */,
			);
			runOnlyForDeploymentPostprocessing = 0;
		};
		572EF2211B51F16C00EEBB58 /* Frameworks */ = {
			isa = PBXFrameworksBuildPhase;
			buildActionMask = 2147483647;
			files = (
				572EF2251B51F16C00EEBB58 /* SocketIO.framework in Frameworks */,
			);
			runOnlyForDeploymentPostprocessing = 0;
		};
		572EF2341B51F18A00EEBB58 /* Frameworks */ = {
			isa = PBXFrameworksBuildPhase;
			buildActionMask = 2147483647;
			files = (
				74DA21741F09440F009C19EE /* libz.tbd in Frameworks */,
				6CA08A981D615C0B0061FD2A /* Security.framework in Frameworks */,
			);
			runOnlyForDeploymentPostprocessing = 0;
		};
		572EF23F1B51F18A00EEBB58 /* Frameworks */ = {
			isa = PBXFrameworksBuildPhase;
			buildActionMask = 2147483647;
			files = (
				74DA217C1F09457B009C19EE /* libz.tbd in Frameworks */,
				572EF2431B51F18A00EEBB58 /* SocketIO.framework in Frameworks */,
			);
			runOnlyForDeploymentPostprocessing = 0;
		};
		57634A0F1BD9B46A00E19CD7 /* Frameworks */ = {
			isa = PBXFrameworksBuildPhase;
			buildActionMask = 2147483647;
			files = (
				74DA21761F094417009C19EE /* libz.tbd in Frameworks */,
				6CA08A9A1D615C140061FD2A /* Security.framework in Frameworks */,
			);
			runOnlyForDeploymentPostprocessing = 0;
		};
		57634A351BD9B46D00E19CD7 /* Frameworks */ = {
			isa = PBXFrameworksBuildPhase;
			buildActionMask = 2147483647;
			files = (
				57634A3F1BD9B4BF00E19CD7 /* SocketIO.framework in Frameworks */,
			);
			runOnlyForDeploymentPostprocessing = 0;
		};
/* End PBXFrameworksBuildPhase section */

/* Begin PBXGroup section */
		572EF20D1B51F12F00EEBB58 = {
			isa = PBXGroup;
			children = (
				74638B5A1F111CD000F5E1FF /* Starscream.xcodeproj */,
				6CA08A9B1D615C190061FD2A /* Frameworks */,
				572EF21A1B51F16C00EEBB58 /* Products */,
				572EF21B1B51F16C00EEBB58 /* SocketIO-iOS */,
				572EF2391B51F18A00EEBB58 /* SocketIO-Mac */,
				572EF2461B51F18A00EEBB58 /* SocketIO-MacTests */,
				5764DF7B1B51F24A004FF46E /* Source */,
			);
			sourceTree = "<group>";
		};
		572EF21A1B51F16C00EEBB58 /* Products */ = {
			isa = PBXGroup;
			children = (
				572EF2191B51F16C00EEBB58 /* SocketIO.framework */,
				572EF2241B51F16C00EEBB58 /* SocketIO-iOSTests.xctest */,
				572EF2381B51F18A00EEBB58 /* SocketIO.framework */,
				572EF2421B51F18A00EEBB58 /* SocketIO-MacTests.xctest */,
				57634A161BD9B46A00E19CD7 /* SocketIO.framework */,
				57634A3B1BD9B46D00E19CD7 /* SocketIO-tvOSTests.xctest */,
			);
			name = Products;
			sourceTree = "<group>";
		};
		572EF21B1B51F16C00EEBB58 /* SocketIO-iOS */ = {
			isa = PBXGroup;
			children = (
				572EF21E1B51F16C00EEBB58 /* SocketIO.h */,
				572EF21C1B51F16C00EEBB58 /* Supporting Files */,
			);
			path = "SocketIO-iOS";
			sourceTree = "<group>";
		};
		572EF21C1B51F16C00EEBB58 /* Supporting Files */ = {
			isa = PBXGroup;
			children = (
				572EF21D1B51F16C00EEBB58 /* Info.plist */,
			);
			name = "Supporting Files";
			sourceTree = "<group>";
		};
		572EF2391B51F18A00EEBB58 /* SocketIO-Mac */ = {
			isa = PBXGroup;
			children = (
				572EF23C1B51F18A00EEBB58 /* SocketIO-Mac.h */,
				572EF23A1B51F18A00EEBB58 /* Supporting Files */,
			);
			path = "SocketIO-Mac";
			sourceTree = "<group>";
		};
		572EF23A1B51F18A00EEBB58 /* Supporting Files */ = {
			isa = PBXGroup;
			children = (
				572EF23B1B51F18A00EEBB58 /* Info.plist */,
			);
			name = "Supporting Files";
			sourceTree = "<group>";
		};
		572EF2461B51F18A00EEBB58 /* SocketIO-MacTests */ = {
			isa = PBXGroup;
			children = (
				74321DC91C2D939A00CF6F43 /* SocketAckManagerTest.swift */,
				74F124EF1BC574CF002966F4 /* SocketBasicPacketTest.swift */,
				741F39ED1BD025D80026C9CC /* SocketEngineTest.swift */,
				7472C65B1BCAB53E003CA70D /* SocketNamespacePacketTest.swift */,
				747BC59E1D5F9BA200CA5FA4 /* SocketIOClientConfigurationTest.swift */,
				742D150B1CA5794B00BD987D /* SocketObjectiveCTest.m */,
				74321DCA1C2D939A00CF6F43 /* SocketParserTest.swift */,
				7472C65E1BCAC46E003CA70D /* SocketSideEffectTest.swift */,
				572EF2471B51F18A00EEBB58 /* Supporting Files */,
			);
			path = "SocketIO-MacTests";
			sourceTree = "<group>";
		};
		572EF2471B51F18A00EEBB58 /* Supporting Files */ = {
			isa = PBXGroup;
			children = (
				572EF2481B51F18A00EEBB58 /* Info.plist */,
			);
			name = "Supporting Files";
			sourceTree = "<group>";
		};
		5764DF7B1B51F24A004FF46E /* Source */ = {
			isa = PBXGroup;
			children = (
				DD52BB6512B5400E2A3A39F2 /* Engine */,
				DD52BF863FC00831DC047241 /* Ack */,
				DD52B6A0966AF71393777311 /* Client */,
				DD52B1D10D761CEF3944A6BC /* Util */,
				DD52B647ED881F3FF6EEC617 /* Parse */,
			);
			name = Source;
			sourceTree = "<group>";
		};
		6CA08A9B1D615C190061FD2A /* Frameworks */ = {
			isa = PBXGroup;
			children = (
				74DA217D1F0945E9009C19EE /* libcommonCrypto.tbd */,
				74DA21751F094417009C19EE /* libz.tbd */,
				74DA21731F09440F009C19EE /* libz.tbd */,
				74DA21711F094408009C19EE /* libz.tbd */,
				6CA08A9E1D615C340061FD2A /* tvOS */,
				6CA08A9D1D615C2C0061FD2A /* Mac */,
				6CA08A9C1D615C270061FD2A /* iOS */,
			);
			name = Frameworks;
			sourceTree = "<group>";
		};
		6CA08A9C1D615C270061FD2A /* iOS */ = {
			isa = PBXGroup;
			children = (
				6CA08A951D615C040061FD2A /* Security.framework */,
			);
			name = iOS;
			sourceTree = "<group>";
		};
		6CA08A9D1D615C2C0061FD2A /* Mac */ = {
			isa = PBXGroup;
			children = (
				6CA08A971D615C0B0061FD2A /* Security.framework */,
			);
			name = Mac;
			sourceTree = "<group>";
		};
		6CA08A9E1D615C340061FD2A /* tvOS */ = {
			isa = PBXGroup;
			children = (
				6CA08A991D615C140061FD2A /* Security.framework */,
			);
			name = tvOS;
			sourceTree = "<group>";
		};
		74638B5B1F111CD000F5E1FF /* Products */ = {
			isa = PBXGroup;
			children = (
				74638B641F111CD000F5E1FF /* StarscreamSocketIO.framework */,
				74638B661F111CD000F5E1FF /* Starscream iOSTests.xctest */,
				74638B681F111CD000F5E1FF /* StarscreamSocketIO.framework */,
				74638B6A1F111CD000F5E1FF /* Starscream OSXTests.xctest */,
				74638B6C1F111CD000F5E1FF /* StarscreamSocketIO.framework */,
				74638B6E1F111CD000F5E1FF /* Starscream tvOSTests.xctest */,
			);
			name = Products;
			sourceTree = "<group>";
		};
		DD52B1D10D761CEF3944A6BC /* Util */ = {
			isa = PBXGroup;
			children = (
				DD52BDC9E66AADA2CC5E8246 /* SocketTypes.swift */,
				DD52BED81BF312B0E90E92AC /* SocketLogger.swift */,
				DD52B471D780013E18DF9335 /* SocketExtensions.swift */,
				DD52BA240D139F72633D4159 /* SocketStringReader.swift */,
				DD52B282975446C9A9C56D7B /* SocketClientManager.swift */,
			);
			name = Util;
			path = Source/SocketIO/Util;
			sourceTree = "<group>";
		};
		DD52B647ED881F3FF6EEC617 /* Parse */ = {
			isa = PBXGroup;
			children = (
				DD52B59C11D3D2BC63612E50 /* SocketPacket.swift */,
				DD52B31D0E6815F5F10CEFB6 /* SocketParsable.swift */,
			);
			name = Parse;
			path = Source/SocketIO/Parse;
			sourceTree = "<group>";
		};
		DD52B6A0966AF71393777311 /* Client */ = {
			isa = PBXGroup;
			children = (
				DD52B5A9DE10C7A8AD35617F /* SocketAnyEvent.swift */,
				DD52BA1F41F2E4B3DC20260E /* SocketIOClient.swift */,
				DD52B6DCCBBAC6BE9C22568D /* SocketEventHandler.swift */,
				DD52BCAF915A546288664346 /* SocketIOClientSpec.swift */,
				DD52B078DB0A3C3D1BB507CD /* SocketIOClientOption.swift */,
				DD52B1D9BC4AE46D38D827DE /* SocketIOClientStatus.swift */,
				DD52B57FFEE8560CFFD793B3 /* SocketIOClientConfiguration.swift */,
			);
			name = Client;
			path = Source/SocketIO/Client;
			sourceTree = "<group>";
		};
		DD52BB6512B5400E2A3A39F2 /* Engine */ = {
			isa = PBXGroup;
			children = (
				DD52B7A9779A2E08075E5AAC /* SocketEngine.swift */,
				DD52B645273A873667BC2D43 /* SocketEngineSpec.swift */,
				DD52BE5FDCE1D684132E897C /* SocketEngineClient.swift */,
				DD52B2D110F55723F82B108E /* SocketEnginePollable.swift */,
				DD52BE9AD8B2BD7F841CD1D4 /* SocketEngineWebsocket.swift */,
				DD52B4EA17D8C3F35C8E2CB4 /* SocketEnginePacketType.swift */,
			);
			name = Engine;
			path = Source/SocketIO/Engine;
			sourceTree = "<group>";
		};
		DD52BF863FC00831DC047241 /* Ack */ = {
			isa = PBXGroup;
			children = (
				DD52BFF2E3216CDC364BB8AF /* SocketAckEmitter.swift */,
				DD52B09F7984E730513AB7E5 /* SocketAckManager.swift */,
			);
			name = Ack;
			path = Source/SocketIO/Ack;
			sourceTree = "<group>";
		};
/* End PBXGroup section */

/* Begin PBXHeadersBuildPhase section */
		572EF2161B51F16C00EEBB58 /* Headers */ = {
			isa = PBXHeadersBuildPhase;
			buildActionMask = 2147483647;
			files = (
				572EF21F1B51F16C00EEBB58 /* SocketIO.h in Headers */,
			);
			runOnlyForDeploymentPostprocessing = 0;
		};
		572EF2351B51F18A00EEBB58 /* Headers */ = {
			isa = PBXHeadersBuildPhase;
			buildActionMask = 2147483647;
			files = (
				572EF23D1B51F18A00EEBB58 /* SocketIO-Mac.h in Headers */,
			);
			runOnlyForDeploymentPostprocessing = 0;
		};
		57634A101BD9B46A00E19CD7 /* Headers */ = {
			isa = PBXHeadersBuildPhase;
			buildActionMask = 2147483647;
			files = (
				57634A111BD9B46A00E19CD7 /* SocketIO.h in Headers */,
			);
			runOnlyForDeploymentPostprocessing = 0;
		};
/* End PBXHeadersBuildPhase section */

/* Begin PBXNativeTarget section */
		572EF2181B51F16C00EEBB58 /* SocketIO-iOS */ = {
			isa = PBXNativeTarget;
			buildConfigurationList = 572EF22D1B51F16C00EEBB58 /* Build configuration list for PBXNativeTarget "SocketIO-iOS" */;
			buildPhases = (
				572EF2141B51F16C00EEBB58 /* Sources */,
				572EF2151B51F16C00EEBB58 /* Frameworks */,
				572EF2161B51F16C00EEBB58 /* Headers */,
				572EF2171B51F16C00EEBB58 /* Resources */,
			);
			buildRules = (
			);
			dependencies = (
				745225ED1F1BA89E007EA874 /* PBXTargetDependency */,
			);
			name = "SocketIO-iOS";
			productName = "SocketIO-iOS";
			productReference = 572EF2191B51F16C00EEBB58 /* SocketIO.framework */;
			productType = "com.apple.product-type.framework";
		};
		572EF2231B51F16C00EEBB58 /* SocketIO-iOSTests */ = {
			isa = PBXNativeTarget;
			buildConfigurationList = 572EF2301B51F16C00EEBB58 /* Build configuration list for PBXNativeTarget "SocketIO-iOSTests" */;
			buildPhases = (
				572EF2201B51F16C00EEBB58 /* Sources */,
				572EF2211B51F16C00EEBB58 /* Frameworks */,
				572EF2221B51F16C00EEBB58 /* Resources */,
			);
			buildRules = (
			);
			dependencies = (
				572EF2271B51F16C00EEBB58 /* PBXTargetDependency */,
			);
			name = "SocketIO-iOSTests";
			productName = "SocketIO-iOSTests";
			productReference = 572EF2241B51F16C00EEBB58 /* SocketIO-iOSTests.xctest */;
			productType = "com.apple.product-type.bundle.unit-test";
		};
		572EF2371B51F18A00EEBB58 /* SocketIO-Mac */ = {
			isa = PBXNativeTarget;
			buildConfigurationList = 572EF24B1B51F18A00EEBB58 /* Build configuration list for PBXNativeTarget "SocketIO-Mac" */;
			buildPhases = (
				572EF2331B51F18A00EEBB58 /* Sources */,
				572EF2341B51F18A00EEBB58 /* Frameworks */,
				572EF2351B51F18A00EEBB58 /* Headers */,
				572EF2361B51F18A00EEBB58 /* Resources */,
			);
			buildRules = (
			);
			dependencies = (
				74638B721F111CF100F5E1FF /* PBXTargetDependency */,
			);
			name = "SocketIO-Mac";
			productName = "SocketIO-Mac";
			productReference = 572EF2381B51F18A00EEBB58 /* SocketIO.framework */;
			productType = "com.apple.product-type.framework";
		};
		572EF2411B51F18A00EEBB58 /* SocketIO-MacTests */ = {
			isa = PBXNativeTarget;
			buildConfigurationList = 572EF24E1B51F18A00EEBB58 /* Build configuration list for PBXNativeTarget "SocketIO-MacTests" */;
			buildPhases = (
				572EF23E1B51F18A00EEBB58 /* Sources */,
				572EF23F1B51F18A00EEBB58 /* Frameworks */,
				572EF2401B51F18A00EEBB58 /* Resources */,
			);
			buildRules = (
			);
			dependencies = (
				572EF2451B51F18A00EEBB58 /* PBXTargetDependency */,
			);
			name = "SocketIO-MacTests";
			productName = "SocketIO-MacTests";
			productReference = 572EF2421B51F18A00EEBB58 /* SocketIO-MacTests.xctest */;
			productType = "com.apple.product-type.bundle.unit-test";
		};
		576349FA1BD9B46A00E19CD7 /* SocketIO-tvOS */ = {
			isa = PBXNativeTarget;
			buildConfigurationList = 57634A131BD9B46A00E19CD7 /* Build configuration list for PBXNativeTarget "SocketIO-tvOS" */;
			buildPhases = (
				576349FB1BD9B46A00E19CD7 /* Sources */,
				57634A0F1BD9B46A00E19CD7 /* Frameworks */,
				57634A101BD9B46A00E19CD7 /* Headers */,
				57634A121BD9B46A00E19CD7 /* Resources */,
			);
			buildRules = (
			);
			dependencies = (
				74638B741F111CF600F5E1FF /* PBXTargetDependency */,
			);
			name = "SocketIO-tvOS";
			productName = "SocketIO-iOS";
			productReference = 57634A161BD9B46A00E19CD7 /* SocketIO.framework */;
			productType = "com.apple.product-type.framework";
		};
		57634A181BD9B46D00E19CD7 /* SocketIO-tvOSTests */ = {
			isa = PBXNativeTarget;
			buildConfigurationList = 57634A381BD9B46D00E19CD7 /* Build configuration list for PBXNativeTarget "SocketIO-tvOSTests" */;
			buildPhases = (
				57634A1B1BD9B46D00E19CD7 /* Sources */,
				57634A351BD9B46D00E19CD7 /* Frameworks */,
				57634A371BD9B46D00E19CD7 /* Resources */,
			);
			buildRules = (
			);
			dependencies = (
				57634A3E1BD9B4B800E19CD7 /* PBXTargetDependency */,
			);
			name = "SocketIO-tvOSTests";
			productName = "SocketIO-iOSTests";
			productReference = 57634A3B1BD9B46D00E19CD7 /* SocketIO-tvOSTests.xctest */;
			productType = "com.apple.product-type.bundle.unit-test";
		};
/* End PBXNativeTarget section */

/* Begin PBXProject section */
		572EF20E1B51F12F00EEBB58 /* Project object */ = {
			isa = PBXProject;
			attributes = {
				LastSwiftMigration = 0730;
				LastSwiftUpdateCheck = 0730;
				LastUpgradeCheck = 0900;
				TargetAttributes = {
					572EF2181B51F16C00EEBB58 = {
						CreatedOnToolsVersion = 6.4;
					};
					572EF2231B51F16C00EEBB58 = {
						CreatedOnToolsVersion = 6.4;
					};
					572EF2371B51F18A00EEBB58 = {
						CreatedOnToolsVersion = 6.4;
						LastSwiftMigration = 0900;
					};
					572EF2411B51F18A00EEBB58 = {
						CreatedOnToolsVersion = 6.4;
						LastSwiftMigration = 0900;
					};
				};
			};
			buildConfigurationList = 572EF2111B51F12F00EEBB58 /* Build configuration list for PBXProject "Socket.IO-Client-Swift" */;
			compatibilityVersion = "Xcode 3.2";
			developmentRegion = English;
			hasScannedForEncodings = 0;
			knownRegions = (
				en,
			);
			mainGroup = 572EF20D1B51F12F00EEBB58;
			productRefGroup = 572EF21A1B51F16C00EEBB58 /* Products */;
			projectDirPath = "";
			projectReferences = (
				{
					ProductGroup = 74638B5B1F111CD000F5E1FF /* Products */;
					ProjectRef = 74638B5A1F111CD000F5E1FF /* Starscream.xcodeproj */;
				},
			);
			projectRoot = "";
			targets = (
				572EF2181B51F16C00EEBB58 /* SocketIO-iOS */,
				572EF2231B51F16C00EEBB58 /* SocketIO-iOSTests */,
				572EF2371B51F18A00EEBB58 /* SocketIO-Mac */,
				572EF2411B51F18A00EEBB58 /* SocketIO-MacTests */,
				576349FA1BD9B46A00E19CD7 /* SocketIO-tvOS */,
				57634A181BD9B46D00E19CD7 /* SocketIO-tvOSTests */,
			);
		};
/* End PBXProject section */

/* Begin PBXReferenceProxy section */
		74638B641F111CD000F5E1FF /* StarscreamSocketIO.framework */ = {
			isa = PBXReferenceProxy;
			fileType = wrapper.framework;
			path = StarscreamSocketIO.framework;
			remoteRef = 74638B631F111CD000F5E1FF /* PBXContainerItemProxy */;
			sourceTree = BUILT_PRODUCTS_DIR;
		};
		74638B661F111CD000F5E1FF /* Starscream iOSTests.xctest */ = {
			isa = PBXReferenceProxy;
			fileType = wrapper.cfbundle;
			path = "Starscream iOSTests.xctest";
			remoteRef = 74638B651F111CD000F5E1FF /* PBXContainerItemProxy */;
			sourceTree = BUILT_PRODUCTS_DIR;
		};
		74638B681F111CD000F5E1FF /* StarscreamSocketIO.framework */ = {
			isa = PBXReferenceProxy;
			fileType = wrapper.framework;
			path = StarscreamSocketIO.framework;
			remoteRef = 74638B671F111CD000F5E1FF /* PBXContainerItemProxy */;
			sourceTree = BUILT_PRODUCTS_DIR;
		};
		74638B6A1F111CD000F5E1FF /* Starscream OSXTests.xctest */ = {
			isa = PBXReferenceProxy;
			fileType = wrapper.cfbundle;
			path = "Starscream OSXTests.xctest";
			remoteRef = 74638B691F111CD000F5E1FF /* PBXContainerItemProxy */;
			sourceTree = BUILT_PRODUCTS_DIR;
		};
		74638B6C1F111CD000F5E1FF /* StarscreamSocketIO.framework */ = {
			isa = PBXReferenceProxy;
			fileType = wrapper.framework;
			path = StarscreamSocketIO.framework;
			remoteRef = 74638B6B1F111CD000F5E1FF /* PBXContainerItemProxy */;
			sourceTree = BUILT_PRODUCTS_DIR;
		};
		74638B6E1F111CD000F5E1FF /* Starscream tvOSTests.xctest */ = {
			isa = PBXReferenceProxy;
			fileType = wrapper.cfbundle;
			path = "Starscream tvOSTests.xctest";
			remoteRef = 74638B6D1F111CD000F5E1FF /* PBXContainerItemProxy */;
			sourceTree = BUILT_PRODUCTS_DIR;
		};
/* End PBXReferenceProxy section */

/* Begin PBXResourcesBuildPhase section */
		572EF2171B51F16C00EEBB58 /* Resources */ = {
			isa = PBXResourcesBuildPhase;
			buildActionMask = 2147483647;
			files = (
			);
			runOnlyForDeploymentPostprocessing = 0;
		};
		572EF2221B51F16C00EEBB58 /* Resources */ = {
			isa = PBXResourcesBuildPhase;
			buildActionMask = 2147483647;
			files = (
			);
			runOnlyForDeploymentPostprocessing = 0;
		};
		572EF2361B51F18A00EEBB58 /* Resources */ = {
			isa = PBXResourcesBuildPhase;
			buildActionMask = 2147483647;
			files = (
			);
			runOnlyForDeploymentPostprocessing = 0;
		};
		572EF2401B51F18A00EEBB58 /* Resources */ = {
			isa = PBXResourcesBuildPhase;
			buildActionMask = 2147483647;
			files = (
			);
			runOnlyForDeploymentPostprocessing = 0;
		};
		57634A121BD9B46A00E19CD7 /* Resources */ = {
			isa = PBXResourcesBuildPhase;
			buildActionMask = 2147483647;
			files = (
			);
			runOnlyForDeploymentPostprocessing = 0;
		};
		57634A371BD9B46D00E19CD7 /* Resources */ = {
			isa = PBXResourcesBuildPhase;
			buildActionMask = 2147483647;
			files = (
			);
			runOnlyForDeploymentPostprocessing = 0;
		};
/* End PBXResourcesBuildPhase section */

/* Begin PBXSourcesBuildPhase section */
		572EF2141B51F16C00EEBB58 /* Sources */ = {
			isa = PBXSourcesBuildPhase;
			buildActionMask = 2147483647;
			files = (
				DD52B203B4F32D84A6CFDFE7 /* SocketEngine.swift in Sources */,
				DD52B633A16E194E761813CB /* SocketEngineSpec.swift in Sources */,
				DD52B86B8430A179B3D1039D /* SocketEngineClient.swift in Sources */,
				DD52B780FF3E646583BDC192 /* SocketEnginePollable.swift in Sources */,
				DD52B1B2424B764C1F5B0CDF /* SocketEngineWebsocket.swift in Sources */,
				DD52B396621157BBA175DE7E /* SocketEnginePacketType.swift in Sources */,
				DD52B319CF9D6FAE75119A58 /* SocketAckEmitter.swift in Sources */,
				DD52BE29B55736873B00ECC4 /* SocketAckManager.swift in Sources */,
				DD52B06F898CD9164AC8F80E /* SocketAnyEvent.swift in Sources */,
				DD52B16128003D74FC23A01F /* SocketIOClient.swift in Sources */,
				DD52BDB51FE41BAB49073BEF /* SocketEventHandler.swift in Sources */,
				DD52BB88BD4C5641CFD2E8D4 /* SocketIOClientSpec.swift in Sources */,
				DD52B1FEE4C81226884B1E67 /* SocketIOClientOption.swift in Sources */,
				DD52B6E44917CA5DFC3CE6B5 /* SocketIOClientStatus.swift in Sources */,
				DD52B25B365B0EDB9F6E88EA /* SocketIOClientConfiguration.swift in Sources */,
				DD52B3105268735BDB1F6612 /* SocketTypes.swift in Sources */,
				DD52B28103E47A9BE15494A5 /* SocketLogger.swift in Sources */,
				DD52B1653EB81FAA48E15A22 /* SocketExtensions.swift in Sources */,
				DD52B4E953A0B2BFB1626416 /* SocketStringReader.swift in Sources */,
				DD52B6DF3770172053359F51 /* SocketClientManager.swift in Sources */,
				DD52BAF5C3F7FEF04D5D0932 /* SocketPacket.swift in Sources */,
				DD52BE14D2DD9C9C9768C2D8 /* SocketParsable.swift in Sources */,
			);
			runOnlyForDeploymentPostprocessing = 0;
		};
		572EF2201B51F16C00EEBB58 /* Sources */ = {
			isa = PBXSourcesBuildPhase;
			buildActionMask = 2147483647;
			files = (
				7472C65F1BCAC46E003CA70D /* SocketSideEffectTest.swift in Sources */,
				741F39EE1BD025D80026C9CC /* SocketEngineTest.swift in Sources */,
				74F124F01BC574CF002966F4 /* SocketBasicPacketTest.swift in Sources */,
				7472C65C1BCAB53E003CA70D /* SocketNamespacePacketTest.swift in Sources */,
			);
			runOnlyForDeploymentPostprocessing = 0;
		};
		572EF2331B51F18A00EEBB58 /* Sources */ = {
			isa = PBXSourcesBuildPhase;
			buildActionMask = 2147483647;
			files = (
				DD52BB82239886CF6ADD642C /* SocketEngine.swift in Sources */,
				DD52BFBC9E7CC32D3515AC80 /* SocketEngineSpec.swift in Sources */,
				DD52B3A6C1E082841C35C85D /* SocketEngineClient.swift in Sources */,
				DD52B883F942CD5A9D29892B /* SocketEnginePollable.swift in Sources */,
				DD52B4DFA12F2599410205D9 /* SocketEngineWebsocket.swift in Sources */,
				DD52B1FDEB06B853FF932AC7 /* SocketEnginePacketType.swift in Sources */,
				DD52B1F8BA0455EBE7C1B93E /* SocketAckEmitter.swift in Sources */,
				DD52B44AE56F2E07F3F3F991 /* SocketAckManager.swift in Sources */,
				DD52BB69B6D260035B652CA4 /* SocketAnyEvent.swift in Sources */,
				DD52BF924BEF05E1235CFD29 /* SocketIOClient.swift in Sources */,
				DD52BFEB4DBD3BF8D93DAEFF /* SocketEventHandler.swift in Sources */,
				DD52BB9A3E42FF2DD6BE7C2F /* SocketIOClientSpec.swift in Sources */,
				DD52B2AFE7D46039C7AE4D19 /* SocketIOClientOption.swift in Sources */,
				DD52BE4D1E6BB752CD9614A6 /* SocketIOClientStatus.swift in Sources */,
				DD52BD065B74AC5B77BAEFAA /* SocketIOClientConfiguration.swift in Sources */,
				DD52B048C71D724ABBD18C71 /* SocketTypes.swift in Sources */,
				DD52BC3F1F880820E8FDFD0C /* SocketLogger.swift in Sources */,
				DD52B56DE03CDB4F40BD1A23 /* SocketExtensions.swift in Sources */,
				DD52B11AF936352BAE30B2C8 /* SocketStringReader.swift in Sources */,
				DD52B660D63B6A25C3755AA7 /* SocketClientManager.swift in Sources */,
				DD52B57E7ABC61B57EE2A4B8 /* SocketPacket.swift in Sources */,
				DD52B9412F660F828B683422 /* SocketParsable.swift in Sources */,
			);
			runOnlyForDeploymentPostprocessing = 0;
		};
		572EF23E1B51F18A00EEBB58 /* Sources */ = {
			isa = PBXSourcesBuildPhase;
			buildActionMask = 2147483647;
			files = (
				742D150C1CA5794B00BD987D /* SocketObjectiveCTest.m in Sources */,
				74321DCB1C2D939A00CF6F43 /* SocketAckManagerTest.swift in Sources */,
				74321DCC1C2D939A00CF6F43 /* SocketParserTest.swift in Sources */,
				747BC59F1D5F9BA200CA5FA4 /* SocketIOClientConfigurationTest.swift in Sources */,
				7472C6601BCAC46E003CA70D /* SocketSideEffectTest.swift in Sources */,
				741F39EF1BD025D80026C9CC /* SocketEngineTest.swift in Sources */,
				74F124F11BC574CF002966F4 /* SocketBasicPacketTest.swift in Sources */,
				7472C65D1BCAB53E003CA70D /* SocketNamespacePacketTest.swift in Sources */,
			);
			runOnlyForDeploymentPostprocessing = 0;
		};
		576349FB1BD9B46A00E19CD7 /* Sources */ = {
			isa = PBXSourcesBuildPhase;
			buildActionMask = 2147483647;
			files = (
				DD52BA7DB1DAD7BB1A965CD2 /* SocketEngine.swift in Sources */,
				DD52B1081FF25DF079E0B5D2 /* SocketEngineSpec.swift in Sources */,
				DD52BD275A22ADEF73506EB4 /* SocketEngineClient.swift in Sources */,
				DD52BD9CCA7063C77045A7E7 /* SocketEnginePollable.swift in Sources */,
				DD52B2386039DD776E9A5270 /* SocketEngineWebsocket.swift in Sources */,
				DD52BFFA8473060CB00F5092 /* SocketEnginePacketType.swift in Sources */,
				DD52B2023B7D10D7D733513D /* SocketAckEmitter.swift in Sources */,
				DD52B0A84B1EBF50C84481D1 /* SocketAckManager.swift in Sources */,
				DD52B6BE1D398DBD144C4D14 /* SocketAnyEvent.swift in Sources */,
				DD52B26DA9E4D566276B7E49 /* SocketIOClient.swift in Sources */,
				DD52B27DABA4C475B850A326 /* SocketEventHandler.swift in Sources */,
				DD52B4223DCCB75630441370 /* SocketIOClientSpec.swift in Sources */,
				DD52B6FC2F0A6A3106FFCBE3 /* SocketIOClientOption.swift in Sources */,
				DD52B3D941DB2A0C678F8251 /* SocketIOClientStatus.swift in Sources */,
				DD52BB6BD8F50D339AD53844 /* SocketIOClientConfiguration.swift in Sources */,
				DD52B0C7C017460057CEF1A5 /* SocketTypes.swift in Sources */,
				DD52B3C95BFA9E9D9FA30D6D /* SocketLogger.swift in Sources */,
				DD52BFF4CC89C83012182B42 /* SocketExtensions.swift in Sources */,
				DD52BA7825D2D32C3311BE76 /* SocketStringReader.swift in Sources */,
				DD52B099A5166C5FF975FAB5 /* SocketClientManager.swift in Sources */,
				DD52BC28EC86700F814CCFAA /* SocketPacket.swift in Sources */,
				DD52BC0F60703CB9C3A6F594 /* SocketParsable.swift in Sources */,
			);
			runOnlyForDeploymentPostprocessing = 0;
		};
		57634A1B1BD9B46D00E19CD7 /* Sources */ = {
			isa = PBXSourcesBuildPhase;
			buildActionMask = 2147483647;
			files = (
				57634A231BD9B46D00E19CD7 /* SocketSideEffectTest.swift in Sources */,
				57634A2A1BD9B46D00E19CD7 /* SocketEngineTest.swift in Sources */,
				57634A2F1BD9B46D00E19CD7 /* SocketBasicPacketTest.swift in Sources */,
				57634A321BD9B46D00E19CD7 /* SocketNamespacePacketTest.swift in Sources */,
			);
			runOnlyForDeploymentPostprocessing = 0;
		};
/* End PBXSourcesBuildPhase section */

/* Begin PBXTargetDependency section */
		572EF2271B51F16C00EEBB58 /* PBXTargetDependency */ = {
			isa = PBXTargetDependency;
			target = 572EF2181B51F16C00EEBB58 /* SocketIO-iOS */;
			targetProxy = 572EF2261B51F16C00EEBB58 /* PBXContainerItemProxy */;
		};
		572EF2451B51F18A00EEBB58 /* PBXTargetDependency */ = {
			isa = PBXTargetDependency;
			target = 572EF2371B51F18A00EEBB58 /* SocketIO-Mac */;
			targetProxy = 572EF2441B51F18A00EEBB58 /* PBXContainerItemProxy */;
		};
		57634A3E1BD9B4B800E19CD7 /* PBXTargetDependency */ = {
			isa = PBXTargetDependency;
			target = 576349FA1BD9B46A00E19CD7 /* SocketIO-tvOS */;
			targetProxy = 57634A3D1BD9B4B800E19CD7 /* PBXContainerItemProxy */;
		};
		745225ED1F1BA89E007EA874 /* PBXTargetDependency */ = {
			isa = PBXTargetDependency;
			name = "Starscream iOS";
			targetProxy = 745225EC1F1BA89E007EA874 /* PBXContainerItemProxy */;
		};
		74638B721F111CF100F5E1FF /* PBXTargetDependency */ = {
			isa = PBXTargetDependency;
			name = "Starscream OSX";
			targetProxy = 74638B711F111CF100F5E1FF /* PBXContainerItemProxy */;
		};
		74638B741F111CF600F5E1FF /* PBXTargetDependency */ = {
			isa = PBXTargetDependency;
			name = "Starscream tvOS";
			targetProxy = 74638B731F111CF600F5E1FF /* PBXContainerItemProxy */;
		};
/* End PBXTargetDependency section */

/* Begin XCBuildConfiguration section */
		572EF2121B51F12F00EEBB58 /* Debug */ = {
			isa = XCBuildConfiguration;
			buildSettings = {
				BITCODE_GENERATION_MODE = bitcode;
				CLANG_WARN_BLOCK_CAPTURE_AUTORELEASING = YES;
				CLANG_WARN_BOOL_CONVERSION = YES;
				CLANG_WARN_COMMA = YES;
				CLANG_WARN_CONSTANT_CONVERSION = YES;
				CLANG_WARN_EMPTY_BODY = YES;
				CLANG_WARN_ENUM_CONVERSION = YES;
				CLANG_WARN_INFINITE_RECURSION = YES;
				CLANG_WARN_INT_CONVERSION = YES;
				CLANG_WARN_NON_LITERAL_NULL_CONVERSION = YES;
				CLANG_WARN_OBJC_LITERAL_CONVERSION = YES;
				CLANG_WARN_RANGE_LOOP_ANALYSIS = YES;
				CLANG_WARN_STRICT_PROTOTYPES = YES;
				CLANG_WARN_SUSPICIOUS_MOVE = YES;
				CLANG_WARN_UNREACHABLE_CODE = YES;
				CLANG_WARN__DUPLICATE_METHOD_MATCH = YES;
				CODE_SIGN_IDENTITY = "Developer ID Application";
				ENABLE_BITCODE = YES;
				ENABLE_STRICT_OBJC_MSGSEND = YES;
				ENABLE_TESTABILITY = YES;
				GCC_NO_COMMON_BLOCKS = YES;
				GCC_OPTIMIZATION_LEVEL = 0;
				GCC_WARN_64_TO_32_BIT_CONVERSION = YES;
				GCC_WARN_ABOUT_RETURN_TYPE = YES;
				GCC_WARN_UNDECLARED_SELECTOR = YES;
				GCC_WARN_UNINITIALIZED_AUTOS = YES;
				GCC_WARN_UNUSED_FUNCTION = YES;
				GCC_WARN_UNUSED_VARIABLE = YES;
				IPHONEOS_DEPLOYMENT_TARGET = 8.0;
				MACOSX_DEPLOYMENT_TARGET = 10.10;
				ONLY_ACTIVE_ARCH = YES;
				PRODUCT_NAME = SocketIO;
				SWIFT_OPTIMIZATION_LEVEL = "-Onone";
				SWIFT_VERSION = 3.0;
				TVOS_DEPLOYMENT_TARGET = 9.0;
				WATCHOS_DEPLOYMENT_TARGET = 2.0;
			};
			name = Debug;
		};
		572EF2131B51F12F00EEBB58 /* Release */ = {
			isa = XCBuildConfiguration;
			buildSettings = {
				BITCODE_GENERATION_MODE = bitcode;
				CLANG_WARN_BLOCK_CAPTURE_AUTORELEASING = YES;
				CLANG_WARN_BOOL_CONVERSION = YES;
				CLANG_WARN_COMMA = YES;
				CLANG_WARN_CONSTANT_CONVERSION = YES;
				CLANG_WARN_EMPTY_BODY = YES;
				CLANG_WARN_ENUM_CONVERSION = YES;
				CLANG_WARN_INFINITE_RECURSION = YES;
				CLANG_WARN_INT_CONVERSION = YES;
				CLANG_WARN_NON_LITERAL_NULL_CONVERSION = YES;
				CLANG_WARN_OBJC_LITERAL_CONVERSION = YES;
				CLANG_WARN_RANGE_LOOP_ANALYSIS = YES;
				CLANG_WARN_STRICT_PROTOTYPES = YES;
				CLANG_WARN_SUSPICIOUS_MOVE = YES;
				CLANG_WARN_UNREACHABLE_CODE = YES;
				CLANG_WARN__DUPLICATE_METHOD_MATCH = YES;
				CODE_SIGN_IDENTITY = "Developer ID Application";
				ENABLE_BITCODE = YES;
				ENABLE_STRICT_OBJC_MSGSEND = YES;
				GCC_NO_COMMON_BLOCKS = YES;
				GCC_WARN_64_TO_32_BIT_CONVERSION = YES;
				GCC_WARN_ABOUT_RETURN_TYPE = YES;
				GCC_WARN_UNDECLARED_SELECTOR = YES;
				GCC_WARN_UNINITIALIZED_AUTOS = YES;
				GCC_WARN_UNUSED_FUNCTION = YES;
				GCC_WARN_UNUSED_VARIABLE = YES;
				IPHONEOS_DEPLOYMENT_TARGET = 8.0;
				MACOSX_DEPLOYMENT_TARGET = 10.10;
				PRODUCT_NAME = SocketIO;
				SWIFT_OPTIMIZATION_LEVEL = "-Owholemodule";
				SWIFT_VERSION = 3.0;
				TVOS_DEPLOYMENT_TARGET = 9.0;
				WATCHOS_DEPLOYMENT_TARGET = 2.0;
			};
			name = Release;
		};
		572EF22E1B51F16C00EEBB58 /* Debug */ = {
			isa = XCBuildConfiguration;
			buildSettings = {
				ALWAYS_SEARCH_USER_PATHS = NO;
				APPLICATION_EXTENSION_API_ONLY = YES;
				CLANG_CXX_LANGUAGE_STANDARD = "gnu++0x";
				CLANG_CXX_LIBRARY = "libc++";
				CLANG_ENABLE_MODULES = YES;
				CLANG_ENABLE_OBJC_ARC = YES;
				CLANG_WARN_BOOL_CONVERSION = YES;
				CLANG_WARN_CONSTANT_CONVERSION = YES;
				CLANG_WARN_DIRECT_OBJC_ISA_USAGE = YES_ERROR;
				CLANG_WARN_EMPTY_BODY = YES;
				CLANG_WARN_ENUM_CONVERSION = YES;
				CLANG_WARN_INT_CONVERSION = YES;
				CLANG_WARN_OBJC_ROOT_CLASS = YES_ERROR;
				CLANG_WARN_UNREACHABLE_CODE = YES;
				CLANG_WARN__DUPLICATE_METHOD_MATCH = YES;
				CODE_SIGN_IDENTITY = "iPhone Developer";
				"CODE_SIGN_IDENTITY[sdk=iphoneos*]" = "";
				COPY_PHASE_STRIP = NO;
				CURRENT_PROJECT_VERSION = 1;
				DEBUG_INFORMATION_FORMAT = "dwarf-with-dsym";
				DEFINES_MODULE = YES;
				DYLIB_COMPATIBILITY_VERSION = 1;
				DYLIB_CURRENT_VERSION = 1;
				DYLIB_INSTALL_NAME_BASE = "@rpath";
				ENABLE_STRICT_OBJC_MSGSEND = YES;
				GCC_C_LANGUAGE_STANDARD = gnu99;
				GCC_DYNAMIC_NO_PIC = NO;
				GCC_NO_COMMON_BLOCKS = YES;
				GCC_PREPROCESSOR_DEFINITIONS = (
					"DEBUG=1",
					"$(inherited)",
				);
				GCC_SYMBOLS_PRIVATE_EXTERN = NO;
				GCC_WARN_64_TO_32_BIT_CONVERSION = YES;
				GCC_WARN_ABOUT_RETURN_TYPE = YES_ERROR;
				GCC_WARN_UNDECLARED_SELECTOR = YES;
				GCC_WARN_UNINITIALIZED_AUTOS = YES_AGGRESSIVE;
				GCC_WARN_UNUSED_FUNCTION = YES;
				GCC_WARN_UNUSED_VARIABLE = YES;
				INFOPLIST_FILE = "SocketIO-iOS/Info.plist";
				INSTALL_PATH = "$(LOCAL_LIBRARY_DIR)/Frameworks";
				LD_RUNPATH_SEARCH_PATHS = "$(inherited) @executable_path/Frameworks @loader_path/Frameworks";
				MTL_ENABLE_DEBUG_INFO = YES;
				ONLY_ACTIVE_ARCH = YES;
				PRODUCT_BUNDLE_IDENTIFIER = io.socket.SocketIOClientSwift;
				SDKROOT = iphoneos;
				SKIP_INSTALL = YES;
				SWIFT_INCLUDE_PATHS = $SRCROOT/zlib;
				SWIFT_OPTIMIZATION_LEVEL = "-Onone";
				SWIFT_VERSION = 3.0;
				TARGETED_DEVICE_FAMILY = "1,2";
				VERSIONING_SYSTEM = "apple-generic";
				VERSION_INFO_PREFIX = "";
			};
			name = Debug;
		};
		572EF22F1B51F16C00EEBB58 /* Release */ = {
			isa = XCBuildConfiguration;
			buildSettings = {
				ALWAYS_SEARCH_USER_PATHS = NO;
				APPLICATION_EXTENSION_API_ONLY = YES;
				CLANG_CXX_LANGUAGE_STANDARD = "gnu++0x";
				CLANG_CXX_LIBRARY = "libc++";
				CLANG_ENABLE_MODULES = YES;
				CLANG_ENABLE_OBJC_ARC = YES;
				CLANG_WARN_BOOL_CONVERSION = YES;
				CLANG_WARN_CONSTANT_CONVERSION = YES;
				CLANG_WARN_DIRECT_OBJC_ISA_USAGE = YES_ERROR;
				CLANG_WARN_EMPTY_BODY = YES;
				CLANG_WARN_ENUM_CONVERSION = YES;
				CLANG_WARN_INT_CONVERSION = YES;
				CLANG_WARN_OBJC_ROOT_CLASS = YES_ERROR;
				CLANG_WARN_UNREACHABLE_CODE = YES;
				CLANG_WARN__DUPLICATE_METHOD_MATCH = YES;
				CODE_SIGN_IDENTITY = "iPhone Distribution";
				"CODE_SIGN_IDENTITY[sdk=iphoneos*]" = "";
				COPY_PHASE_STRIP = NO;
				CURRENT_PROJECT_VERSION = 1;
				DEBUG_INFORMATION_FORMAT = "dwarf-with-dsym";
				DEFINES_MODULE = YES;
				DYLIB_COMPATIBILITY_VERSION = 1;
				DYLIB_CURRENT_VERSION = 1;
				DYLIB_INSTALL_NAME_BASE = "@rpath";
				ENABLE_NS_ASSERTIONS = NO;
				ENABLE_STRICT_OBJC_MSGSEND = YES;
				GCC_C_LANGUAGE_STANDARD = gnu99;
				GCC_NO_COMMON_BLOCKS = YES;
				GCC_WARN_64_TO_32_BIT_CONVERSION = YES;
				GCC_WARN_ABOUT_RETURN_TYPE = YES_ERROR;
				GCC_WARN_UNDECLARED_SELECTOR = YES;
				GCC_WARN_UNINITIALIZED_AUTOS = YES_AGGRESSIVE;
				GCC_WARN_UNUSED_FUNCTION = YES;
				GCC_WARN_UNUSED_VARIABLE = YES;
				INFOPLIST_FILE = "SocketIO-iOS/Info.plist";
				INSTALL_PATH = "$(LOCAL_LIBRARY_DIR)/Frameworks";
				LD_RUNPATH_SEARCH_PATHS = "$(inherited) @executable_path/Frameworks @loader_path/Frameworks";
				MTL_ENABLE_DEBUG_INFO = NO;
				PRODUCT_BUNDLE_IDENTIFIER = io.socket.SocketIOClientSwift;
				SDKROOT = iphoneos;
				SKIP_INSTALL = YES;
				SWIFT_INCLUDE_PATHS = $SRCROOT/zlib;
				SWIFT_VERSION = 3.0;
				TARGETED_DEVICE_FAMILY = "1,2";
				VALIDATE_PRODUCT = YES;
				VERSIONING_SYSTEM = "apple-generic";
				VERSION_INFO_PREFIX = "";
			};
			name = Release;
		};
		572EF2311B51F16C00EEBB58 /* Debug */ = {
			isa = XCBuildConfiguration;
			buildSettings = {
				ALWAYS_SEARCH_USER_PATHS = NO;
				CLANG_CXX_LANGUAGE_STANDARD = "gnu++0x";
				CLANG_CXX_LIBRARY = "libc++";
				CLANG_ENABLE_MODULES = YES;
				CLANG_ENABLE_OBJC_ARC = YES;
				CLANG_WARN_BOOL_CONVERSION = YES;
				CLANG_WARN_CONSTANT_CONVERSION = YES;
				CLANG_WARN_DIRECT_OBJC_ISA_USAGE = YES_ERROR;
				CLANG_WARN_EMPTY_BODY = YES;
				CLANG_WARN_ENUM_CONVERSION = YES;
				CLANG_WARN_INT_CONVERSION = YES;
				CLANG_WARN_OBJC_ROOT_CLASS = YES_ERROR;
				CLANG_WARN_UNREACHABLE_CODE = YES;
				CLANG_WARN__DUPLICATE_METHOD_MATCH = YES;
				"CODE_SIGN_IDENTITY[sdk=iphoneos*]" = "iPhone Developer";
				COPY_PHASE_STRIP = NO;
				DEBUG_INFORMATION_FORMAT = "dwarf-with-dsym";
				ENABLE_STRICT_OBJC_MSGSEND = YES;
				FRAMEWORK_SEARCH_PATHS = (
					"$(SDKROOT)/Developer/Library/Frameworks",
					"$(inherited)",
				);
				GCC_C_LANGUAGE_STANDARD = gnu99;
				GCC_DYNAMIC_NO_PIC = NO;
				GCC_NO_COMMON_BLOCKS = YES;
				GCC_OPTIMIZATION_LEVEL = 0;
				GCC_PREPROCESSOR_DEFINITIONS = (
					"DEBUG=1",
					"$(inherited)",
				);
				GCC_SYMBOLS_PRIVATE_EXTERN = NO;
				GCC_WARN_64_TO_32_BIT_CONVERSION = YES;
				GCC_WARN_ABOUT_RETURN_TYPE = YES_ERROR;
				GCC_WARN_UNDECLARED_SELECTOR = YES;
				GCC_WARN_UNINITIALIZED_AUTOS = YES_AGGRESSIVE;
				GCC_WARN_UNUSED_FUNCTION = YES;
				GCC_WARN_UNUSED_VARIABLE = YES;
				INFOPLIST_FILE = "SocketIO-iOS/Info.plist";
				IPHONEOS_DEPLOYMENT_TARGET = 8.4;
				LD_RUNPATH_SEARCH_PATHS = "$(inherited) @executable_path/Frameworks @loader_path/Frameworks";
				MTL_ENABLE_DEBUG_INFO = YES;
				ONLY_ACTIVE_ARCH = YES;
				PRODUCT_BUNDLE_IDENTIFIER = "io.socket.$(PRODUCT_NAME:rfc1034identifier)";
				PRODUCT_NAME = "$(TARGET_NAME)";
				SDKROOT = iphoneos;
			};
			name = Debug;
		};
		572EF2321B51F16C00EEBB58 /* Release */ = {
			isa = XCBuildConfiguration;
			buildSettings = {
				ALWAYS_SEARCH_USER_PATHS = NO;
				CLANG_CXX_LANGUAGE_STANDARD = "gnu++0x";
				CLANG_CXX_LIBRARY = "libc++";
				CLANG_ENABLE_MODULES = YES;
				CLANG_ENABLE_OBJC_ARC = YES;
				CLANG_WARN_BOOL_CONVERSION = YES;
				CLANG_WARN_CONSTANT_CONVERSION = YES;
				CLANG_WARN_DIRECT_OBJC_ISA_USAGE = YES_ERROR;
				CLANG_WARN_EMPTY_BODY = YES;
				CLANG_WARN_ENUM_CONVERSION = YES;
				CLANG_WARN_INT_CONVERSION = YES;
				CLANG_WARN_OBJC_ROOT_CLASS = YES_ERROR;
				CLANG_WARN_UNREACHABLE_CODE = YES;
				CLANG_WARN__DUPLICATE_METHOD_MATCH = YES;
				"CODE_SIGN_IDENTITY[sdk=iphoneos*]" = "iPhone Developer";
				COPY_PHASE_STRIP = NO;
				DEBUG_INFORMATION_FORMAT = "dwarf-with-dsym";
				ENABLE_NS_ASSERTIONS = NO;
				ENABLE_STRICT_OBJC_MSGSEND = YES;
				FRAMEWORK_SEARCH_PATHS = (
					"$(SDKROOT)/Developer/Library/Frameworks",
					"$(inherited)",
				);
				GCC_C_LANGUAGE_STANDARD = gnu99;
				GCC_NO_COMMON_BLOCKS = YES;
				GCC_WARN_64_TO_32_BIT_CONVERSION = YES;
				GCC_WARN_ABOUT_RETURN_TYPE = YES_ERROR;
				GCC_WARN_UNDECLARED_SELECTOR = YES;
				GCC_WARN_UNINITIALIZED_AUTOS = YES_AGGRESSIVE;
				GCC_WARN_UNUSED_FUNCTION = YES;
				GCC_WARN_UNUSED_VARIABLE = YES;
				INFOPLIST_FILE = "SocketIO-iOS/Info.plist";
				IPHONEOS_DEPLOYMENT_TARGET = 8.4;
				LD_RUNPATH_SEARCH_PATHS = "$(inherited) @executable_path/Frameworks @loader_path/Frameworks";
				MTL_ENABLE_DEBUG_INFO = NO;
				PRODUCT_BUNDLE_IDENTIFIER = "io.socket.$(PRODUCT_NAME:rfc1034identifier)";
				PRODUCT_NAME = "$(TARGET_NAME)";
				SDKROOT = iphoneos;
				VALIDATE_PRODUCT = YES;
			};
			name = Release;
		};
		572EF24C1B51F18A00EEBB58 /* Debug */ = {
			isa = XCBuildConfiguration;
			buildSettings = {
				ALWAYS_SEARCH_USER_PATHS = NO;
				CLANG_CXX_LANGUAGE_STANDARD = "gnu++0x";
				CLANG_CXX_LIBRARY = "libc++";
				CLANG_ENABLE_MODULES = YES;
				CLANG_ENABLE_OBJC_ARC = YES;
				CLANG_WARN_BOOL_CONVERSION = YES;
				CLANG_WARN_CONSTANT_CONVERSION = YES;
				CLANG_WARN_DIRECT_OBJC_ISA_USAGE = YES_ERROR;
				CLANG_WARN_EMPTY_BODY = YES;
				CLANG_WARN_ENUM_CONVERSION = YES;
				CLANG_WARN_INT_CONVERSION = YES;
				CLANG_WARN_OBJC_ROOT_CLASS = YES_ERROR;
				CLANG_WARN_UNREACHABLE_CODE = YES;
				CLANG_WARN__DUPLICATE_METHOD_MATCH = YES;
				CODE_SIGN_IDENTITY = "";
				COMBINE_HIDPI_IMAGES = YES;
				COPY_PHASE_STRIP = NO;
				CURRENT_PROJECT_VERSION = 1;
				DEBUG_INFORMATION_FORMAT = dwarf;
				DEFINES_MODULE = YES;
				DYLIB_COMPATIBILITY_VERSION = 1;
				DYLIB_CURRENT_VERSION = 1;
				DYLIB_INSTALL_NAME_BASE = "@rpath";
				ENABLE_BITCODE = NO;
				ENABLE_STRICT_OBJC_MSGSEND = YES;
				ENABLE_TESTABILITY = YES;
				FRAMEWORK_VERSION = A;
				GCC_C_LANGUAGE_STANDARD = gnu99;
				GCC_DYNAMIC_NO_PIC = NO;
				GCC_NO_COMMON_BLOCKS = YES;
				GCC_PREPROCESSOR_DEFINITIONS = (
					"DEBUG=1",
					"$(inherited)",
				);
				GCC_SYMBOLS_PRIVATE_EXTERN = NO;
				GCC_WARN_64_TO_32_BIT_CONVERSION = YES;
				GCC_WARN_ABOUT_RETURN_TYPE = YES_ERROR;
				GCC_WARN_UNDECLARED_SELECTOR = YES;
				GCC_WARN_UNINITIALIZED_AUTOS = YES_AGGRESSIVE;
				GCC_WARN_UNUSED_FUNCTION = YES;
				GCC_WARN_UNUSED_VARIABLE = YES;
				INFOPLIST_FILE = "SocketIO-Mac/Info.plist";
				INSTALL_PATH = "$(LOCAL_LIBRARY_DIR)/Frameworks";
				LD_RUNPATH_SEARCH_PATHS = "$(inherited) @executable_path/../Frameworks @loader_path/Frameworks";
				LIBRARY_SEARCH_PATHS = (
					"$(inherited)",
					"$(SDKROOT)/usr/lib/system",
				);
				MTL_ENABLE_DEBUG_INFO = YES;
				ONLY_ACTIVE_ARCH = YES;
				PRODUCT_BUNDLE_IDENTIFIER = "io.socket.$(PRODUCT_NAME:rfc1034identifier)";
				SDKROOT = macosx;
				SKIP_INSTALL = YES;
				SWIFT_INCLUDE_PATHS = "";
				SWIFT_OPTIMIZATION_LEVEL = "-Onone";
				SWIFT_SWIFT3_OBJC_INFERENCE = On;
				SWIFT_VERSION = 4.0;
				VERSIONING_SYSTEM = "apple-generic";
				VERSION_INFO_PREFIX = "";
			};
			name = Debug;
		};
		572EF24D1B51F18A00EEBB58 /* Release */ = {
			isa = XCBuildConfiguration;
			buildSettings = {
				ALWAYS_SEARCH_USER_PATHS = NO;
				CLANG_CXX_LANGUAGE_STANDARD = "gnu++0x";
				CLANG_CXX_LIBRARY = "libc++";
				CLANG_ENABLE_MODULES = YES;
				CLANG_ENABLE_OBJC_ARC = YES;
				CLANG_WARN_BOOL_CONVERSION = YES;
				CLANG_WARN_CONSTANT_CONVERSION = YES;
				CLANG_WARN_DIRECT_OBJC_ISA_USAGE = YES_ERROR;
				CLANG_WARN_EMPTY_BODY = YES;
				CLANG_WARN_ENUM_CONVERSION = YES;
				CLANG_WARN_INT_CONVERSION = YES;
				CLANG_WARN_OBJC_ROOT_CLASS = YES_ERROR;
				CLANG_WARN_UNREACHABLE_CODE = YES;
				CLANG_WARN__DUPLICATE_METHOD_MATCH = YES;
				CODE_SIGN_IDENTITY = "";
				COMBINE_HIDPI_IMAGES = YES;
				COPY_PHASE_STRIP = NO;
				CURRENT_PROJECT_VERSION = 1;
				DEBUG_INFORMATION_FORMAT = "dwarf-with-dsym";
				DEFINES_MODULE = YES;
				DYLIB_COMPATIBILITY_VERSION = 1;
				DYLIB_CURRENT_VERSION = 1;
				DYLIB_INSTALL_NAME_BASE = "@rpath";
				ENABLE_BITCODE = NO;
				ENABLE_NS_ASSERTIONS = NO;
				ENABLE_STRICT_OBJC_MSGSEND = YES;
				ENABLE_TESTABILITY = YES;
				FRAMEWORK_VERSION = A;
				GCC_C_LANGUAGE_STANDARD = gnu99;
				GCC_NO_COMMON_BLOCKS = YES;
				GCC_WARN_64_TO_32_BIT_CONVERSION = YES;
				GCC_WARN_ABOUT_RETURN_TYPE = YES_ERROR;
				GCC_WARN_UNDECLARED_SELECTOR = YES;
				GCC_WARN_UNINITIALIZED_AUTOS = YES_AGGRESSIVE;
				GCC_WARN_UNUSED_FUNCTION = YES;
				GCC_WARN_UNUSED_VARIABLE = YES;
				INFOPLIST_FILE = "SocketIO-Mac/Info.plist";
				INSTALL_PATH = "$(LOCAL_LIBRARY_DIR)/Frameworks";
				LD_RUNPATH_SEARCH_PATHS = "$(inherited) @executable_path/../Frameworks @loader_path/Frameworks";
				LIBRARY_SEARCH_PATHS = (
					"$(inherited)",
					"$(SDKROOT)/usr/lib/system",
				);
				MTL_ENABLE_DEBUG_INFO = NO;
				PRODUCT_BUNDLE_IDENTIFIER = "io.socket.$(PRODUCT_NAME:rfc1034identifier)";
				SDKROOT = macosx;
				SKIP_INSTALL = YES;
				SWIFT_INCLUDE_PATHS = "";
				SWIFT_SWIFT3_OBJC_INFERENCE = On;
				SWIFT_VERSION = 4.0;
				VERSIONING_SYSTEM = "apple-generic";
				VERSION_INFO_PREFIX = "";
			};
			name = Release;
		};
		572EF24F1B51F18A00EEBB58 /* Debug */ = {
			isa = XCBuildConfiguration;
			buildSettings = {
				ALWAYS_SEARCH_USER_PATHS = NO;
				CLANG_CXX_LANGUAGE_STANDARD = "gnu++0x";
				CLANG_CXX_LIBRARY = "libc++";
				CLANG_ENABLE_MODULES = YES;
				CLANG_ENABLE_OBJC_ARC = YES;
				CLANG_WARN_BOOL_CONVERSION = YES;
				CLANG_WARN_CONSTANT_CONVERSION = YES;
				CLANG_WARN_DIRECT_OBJC_ISA_USAGE = YES_ERROR;
				CLANG_WARN_EMPTY_BODY = YES;
				CLANG_WARN_ENUM_CONVERSION = YES;
				CLANG_WARN_INT_CONVERSION = YES;
				CLANG_WARN_OBJC_ROOT_CLASS = YES_ERROR;
				CLANG_WARN_UNREACHABLE_CODE = YES;
				CLANG_WARN__DUPLICATE_METHOD_MATCH = YES;
				CODE_SIGN_IDENTITY = "";
				COMBINE_HIDPI_IMAGES = YES;
				COPY_PHASE_STRIP = NO;
				DEBUG_INFORMATION_FORMAT = dwarf;
				ENABLE_BITCODE = NO;
				ENABLE_STRICT_OBJC_MSGSEND = YES;
				FRAMEWORK_SEARCH_PATHS = (
					"$(DEVELOPER_FRAMEWORKS_DIR)",
					"$(inherited)",
				);
				GCC_C_LANGUAGE_STANDARD = gnu99;
				GCC_DYNAMIC_NO_PIC = NO;
				GCC_NO_COMMON_BLOCKS = YES;
				GCC_OPTIMIZATION_LEVEL = 0;
				GCC_PREPROCESSOR_DEFINITIONS = (
					"DEBUG=1",
					"$(inherited)",
				);
				GCC_SYMBOLS_PRIVATE_EXTERN = NO;
				GCC_WARN_64_TO_32_BIT_CONVERSION = YES;
				GCC_WARN_ABOUT_RETURN_TYPE = YES_ERROR;
				GCC_WARN_UNDECLARED_SELECTOR = YES;
				GCC_WARN_UNINITIALIZED_AUTOS = YES_AGGRESSIVE;
				GCC_WARN_UNUSED_FUNCTION = YES;
				GCC_WARN_UNUSED_VARIABLE = YES;
				INFOPLIST_FILE = "SocketIO-MacTests/Info.plist";
				LD_RUNPATH_SEARCH_PATHS = "$(inherited) @executable_path/../Frameworks @loader_path/../Frameworks";
				LIBRARY_SEARCH_PATHS = (
					"$(inherited)",
					"$(SDKROOT)/usr/lib/system",
				);
				MACOSX_DEPLOYMENT_TARGET = 10.10;
				MTL_ENABLE_DEBUG_INFO = YES;
				ONLY_ACTIVE_ARCH = YES;
				PRODUCT_BUNDLE_IDENTIFIER = "io.socket.$(PRODUCT_NAME:rfc1034identifier)";
				PRODUCT_NAME = "$(TARGET_NAME)";
				SDKROOT = macosx;
				SWIFT_OPTIMIZATION_LEVEL = "-Onone";
				SWIFT_SWIFT3_OBJC_INFERENCE = On;
				SWIFT_VERSION = 4.0;
			};
			name = Debug;
		};
		572EF2501B51F18A00EEBB58 /* Release */ = {
			isa = XCBuildConfiguration;
			buildSettings = {
				ALWAYS_SEARCH_USER_PATHS = NO;
				CLANG_CXX_LANGUAGE_STANDARD = "gnu++0x";
				CLANG_CXX_LIBRARY = "libc++";
				CLANG_ENABLE_MODULES = YES;
				CLANG_ENABLE_OBJC_ARC = YES;
				CLANG_WARN_BOOL_CONVERSION = YES;
				CLANG_WARN_CONSTANT_CONVERSION = YES;
				CLANG_WARN_DIRECT_OBJC_ISA_USAGE = YES_ERROR;
				CLANG_WARN_EMPTY_BODY = YES;
				CLANG_WARN_ENUM_CONVERSION = YES;
				CLANG_WARN_INT_CONVERSION = YES;
				CLANG_WARN_OBJC_ROOT_CLASS = YES_ERROR;
				CLANG_WARN_UNREACHABLE_CODE = YES;
				CLANG_WARN__DUPLICATE_METHOD_MATCH = YES;
				CODE_SIGN_IDENTITY = "";
				COMBINE_HIDPI_IMAGES = YES;
				COPY_PHASE_STRIP = NO;
				DEBUG_INFORMATION_FORMAT = "dwarf-with-dsym";
				ENABLE_BITCODE = NO;
				ENABLE_NS_ASSERTIONS = NO;
				ENABLE_STRICT_OBJC_MSGSEND = YES;
				FRAMEWORK_SEARCH_PATHS = (
					"$(DEVELOPER_FRAMEWORKS_DIR)",
					"$(inherited)",
				);
				GCC_C_LANGUAGE_STANDARD = gnu99;
				GCC_NO_COMMON_BLOCKS = YES;
				GCC_WARN_64_TO_32_BIT_CONVERSION = YES;
				GCC_WARN_ABOUT_RETURN_TYPE = YES_ERROR;
				GCC_WARN_UNDECLARED_SELECTOR = YES;
				GCC_WARN_UNINITIALIZED_AUTOS = YES_AGGRESSIVE;
				GCC_WARN_UNUSED_FUNCTION = YES;
				GCC_WARN_UNUSED_VARIABLE = YES;
				INFOPLIST_FILE = "SocketIO-MacTests/Info.plist";
				LD_RUNPATH_SEARCH_PATHS = "$(inherited) @executable_path/../Frameworks @loader_path/../Frameworks";
				LIBRARY_SEARCH_PATHS = (
					"$(inherited)",
					"$(SDKROOT)/usr/lib/system",
				);
				MACOSX_DEPLOYMENT_TARGET = 10.10;
				MTL_ENABLE_DEBUG_INFO = NO;
				PRODUCT_BUNDLE_IDENTIFIER = "io.socket.$(PRODUCT_NAME:rfc1034identifier)";
				PRODUCT_NAME = "$(TARGET_NAME)";
				SDKROOT = macosx;
				SWIFT_SWIFT3_OBJC_INFERENCE = On;
				SWIFT_VERSION = 4.0;
			};
			name = Release;
		};
		57634A141BD9B46A00E19CD7 /* Debug */ = {
			isa = XCBuildConfiguration;
			buildSettings = {
				ALWAYS_SEARCH_USER_PATHS = NO;
				CLANG_CXX_LANGUAGE_STANDARD = "gnu++0x";
				CLANG_CXX_LIBRARY = "libc++";
				CLANG_ENABLE_MODULES = YES;
				CLANG_ENABLE_OBJC_ARC = YES;
				CLANG_WARN_BOOL_CONVERSION = YES;
				CLANG_WARN_CONSTANT_CONVERSION = YES;
				CLANG_WARN_DIRECT_OBJC_ISA_USAGE = YES_ERROR;
				CLANG_WARN_EMPTY_BODY = YES;
				CLANG_WARN_ENUM_CONVERSION = YES;
				CLANG_WARN_INT_CONVERSION = YES;
				CLANG_WARN_OBJC_ROOT_CLASS = YES_ERROR;
				CLANG_WARN_UNREACHABLE_CODE = YES;
				CLANG_WARN__DUPLICATE_METHOD_MATCH = YES;
				CODE_SIGN_IDENTITY = "iPhone Developer";
				"CODE_SIGN_IDENTITY[sdk=appletvos*]" = "";
				"CODE_SIGN_IDENTITY[sdk=iphoneos*]" = "iPhone Developer";
				COPY_PHASE_STRIP = NO;
				CURRENT_PROJECT_VERSION = 1;
				DEBUG_INFORMATION_FORMAT = "dwarf-with-dsym";
				DEFINES_MODULE = YES;
				DYLIB_COMPATIBILITY_VERSION = 1;
				DYLIB_CURRENT_VERSION = 1;
				DYLIB_INSTALL_NAME_BASE = "@rpath";
				ENABLE_STRICT_OBJC_MSGSEND = YES;
				GCC_C_LANGUAGE_STANDARD = gnu99;
				GCC_DYNAMIC_NO_PIC = NO;
				GCC_NO_COMMON_BLOCKS = YES;
				GCC_PREPROCESSOR_DEFINITIONS = (
					"DEBUG=1",
					"$(inherited)",
				);
				GCC_SYMBOLS_PRIVATE_EXTERN = NO;
				GCC_WARN_64_TO_32_BIT_CONVERSION = YES;
				GCC_WARN_ABOUT_RETURN_TYPE = YES_ERROR;
				GCC_WARN_UNDECLARED_SELECTOR = YES;
				GCC_WARN_UNINITIALIZED_AUTOS = YES_AGGRESSIVE;
				GCC_WARN_UNUSED_FUNCTION = YES;
				GCC_WARN_UNUSED_VARIABLE = YES;
				INFOPLIST_FILE = "SocketIO-iOS/Info.plist";
				INSTALL_PATH = "$(LOCAL_LIBRARY_DIR)/Frameworks";
				LD_RUNPATH_SEARCH_PATHS = "$(inherited) @executable_path/Frameworks @loader_path/Frameworks";
				MTL_ENABLE_DEBUG_INFO = YES;
				ONLY_ACTIVE_ARCH = YES;
				PRODUCT_BUNDLE_IDENTIFIER = "io.socket.$(PRODUCT_NAME:rfc1034identifier)";
				PRODUCT_NAME = SocketIO;
				SDKROOT = appletvos;
				SKIP_INSTALL = YES;
				SWIFT_INCLUDE_PATHS = $SRCROOT/zlib;
				SWIFT_OPTIMIZATION_LEVEL = "-Onone";
				TARGETED_DEVICE_FAMILY = 3;
				TVOS_DEPLOYMENT_TARGET = 9.0;
				VERSIONING_SYSTEM = "apple-generic";
				VERSION_INFO_PREFIX = "";
			};
			name = Debug;
		};
		57634A151BD9B46A00E19CD7 /* Release */ = {
			isa = XCBuildConfiguration;
			buildSettings = {
				ALWAYS_SEARCH_USER_PATHS = NO;
				CLANG_CXX_LANGUAGE_STANDARD = "gnu++0x";
				CLANG_CXX_LIBRARY = "libc++";
				CLANG_ENABLE_MODULES = YES;
				CLANG_ENABLE_OBJC_ARC = YES;
				CLANG_WARN_BOOL_CONVERSION = YES;
				CLANG_WARN_CONSTANT_CONVERSION = YES;
				CLANG_WARN_DIRECT_OBJC_ISA_USAGE = YES_ERROR;
				CLANG_WARN_EMPTY_BODY = YES;
				CLANG_WARN_ENUM_CONVERSION = YES;
				CLANG_WARN_INT_CONVERSION = YES;
				CLANG_WARN_OBJC_ROOT_CLASS = YES_ERROR;
				CLANG_WARN_UNREACHABLE_CODE = YES;
				CLANG_WARN__DUPLICATE_METHOD_MATCH = YES;
				CODE_SIGN_IDENTITY = "iPhone Distribution";
				"CODE_SIGN_IDENTITY[sdk=appletvos*]" = "";
				"CODE_SIGN_IDENTITY[sdk=iphoneos*]" = "iPhone Distribution";
				COPY_PHASE_STRIP = NO;
				CURRENT_PROJECT_VERSION = 1;
				DEBUG_INFORMATION_FORMAT = "dwarf-with-dsym";
				DEFINES_MODULE = YES;
				DYLIB_COMPATIBILITY_VERSION = 1;
				DYLIB_CURRENT_VERSION = 1;
				DYLIB_INSTALL_NAME_BASE = "@rpath";
				ENABLE_NS_ASSERTIONS = NO;
				ENABLE_STRICT_OBJC_MSGSEND = YES;
				GCC_C_LANGUAGE_STANDARD = gnu99;
				GCC_NO_COMMON_BLOCKS = YES;
				GCC_WARN_64_TO_32_BIT_CONVERSION = YES;
				GCC_WARN_ABOUT_RETURN_TYPE = YES_ERROR;
				GCC_WARN_UNDECLARED_SELECTOR = YES;
				GCC_WARN_UNINITIALIZED_AUTOS = YES_AGGRESSIVE;
				GCC_WARN_UNUSED_FUNCTION = YES;
				GCC_WARN_UNUSED_VARIABLE = YES;
				INFOPLIST_FILE = "SocketIO-iOS/Info.plist";
				INSTALL_PATH = "$(LOCAL_LIBRARY_DIR)/Frameworks";
				LD_RUNPATH_SEARCH_PATHS = "$(inherited) @executable_path/Frameworks @loader_path/Frameworks";
				MTL_ENABLE_DEBUG_INFO = NO;
				PRODUCT_BUNDLE_IDENTIFIER = "io.socket.$(PRODUCT_NAME:rfc1034identifier)";
				PRODUCT_NAME = SocketIO;
				SDKROOT = appletvos;
				SKIP_INSTALL = YES;
				SWIFT_INCLUDE_PATHS = $SRCROOT/zlib;
				TARGETED_DEVICE_FAMILY = 3;
				TVOS_DEPLOYMENT_TARGET = 9.0;
				VALIDATE_PRODUCT = YES;
				VERSIONING_SYSTEM = "apple-generic";
				VERSION_INFO_PREFIX = "";
			};
			name = Release;
		};
		57634A391BD9B46D00E19CD7 /* Debug */ = {
			isa = XCBuildConfiguration;
			buildSettings = {
				ALWAYS_SEARCH_USER_PATHS = NO;
				CLANG_CXX_LANGUAGE_STANDARD = "gnu++0x";
				CLANG_CXX_LIBRARY = "libc++";
				CLANG_ENABLE_MODULES = YES;
				CLANG_ENABLE_OBJC_ARC = YES;
				CLANG_WARN_BOOL_CONVERSION = YES;
				CLANG_WARN_CONSTANT_CONVERSION = YES;
				CLANG_WARN_DIRECT_OBJC_ISA_USAGE = YES_ERROR;
				CLANG_WARN_EMPTY_BODY = YES;
				CLANG_WARN_ENUM_CONVERSION = YES;
				CLANG_WARN_INT_CONVERSION = YES;
				CLANG_WARN_OBJC_ROOT_CLASS = YES_ERROR;
				CLANG_WARN_UNREACHABLE_CODE = YES;
				CLANG_WARN__DUPLICATE_METHOD_MATCH = YES;
				"CODE_SIGN_IDENTITY[sdk=iphoneos*]" = "iPhone Developer";
				COPY_PHASE_STRIP = NO;
				DEBUG_INFORMATION_FORMAT = "dwarf-with-dsym";
				ENABLE_STRICT_OBJC_MSGSEND = YES;
				FRAMEWORK_SEARCH_PATHS = (
					"$(SDKROOT)/Developer/Library/Frameworks",
					"$(inherited)",
				);
				GCC_C_LANGUAGE_STANDARD = gnu99;
				GCC_DYNAMIC_NO_PIC = NO;
				GCC_NO_COMMON_BLOCKS = YES;
				GCC_OPTIMIZATION_LEVEL = 0;
				GCC_PREPROCESSOR_DEFINITIONS = (
					"DEBUG=1",
					"$(inherited)",
				);
				GCC_SYMBOLS_PRIVATE_EXTERN = NO;
				GCC_WARN_64_TO_32_BIT_CONVERSION = YES;
				GCC_WARN_ABOUT_RETURN_TYPE = YES_ERROR;
				GCC_WARN_UNDECLARED_SELECTOR = YES;
				GCC_WARN_UNINITIALIZED_AUTOS = YES_AGGRESSIVE;
				GCC_WARN_UNUSED_FUNCTION = YES;
				GCC_WARN_UNUSED_VARIABLE = YES;
				INFOPLIST_FILE = "SocketIO-iOS/Info.plist";
				IPHONEOS_DEPLOYMENT_TARGET = 8.4;
				LD_RUNPATH_SEARCH_PATHS = "$(inherited) @executable_path/Frameworks @loader_path/Frameworks";
				MTL_ENABLE_DEBUG_INFO = YES;
				ONLY_ACTIVE_ARCH = YES;
				PRODUCT_BUNDLE_IDENTIFIER = "io.socket.$(PRODUCT_NAME:rfc1034identifier)";
				PRODUCT_NAME = "$(TARGET_NAME)";
				SDKROOT = appletvos;
			};
			name = Debug;
		};
		57634A3A1BD9B46D00E19CD7 /* Release */ = {
			isa = XCBuildConfiguration;
			buildSettings = {
				ALWAYS_SEARCH_USER_PATHS = NO;
				CLANG_CXX_LANGUAGE_STANDARD = "gnu++0x";
				CLANG_CXX_LIBRARY = "libc++";
				CLANG_ENABLE_MODULES = YES;
				CLANG_ENABLE_OBJC_ARC = YES;
				CLANG_WARN_BOOL_CONVERSION = YES;
				CLANG_WARN_CONSTANT_CONVERSION = YES;
				CLANG_WARN_DIRECT_OBJC_ISA_USAGE = YES_ERROR;
				CLANG_WARN_EMPTY_BODY = YES;
				CLANG_WARN_ENUM_CONVERSION = YES;
				CLANG_WARN_INT_CONVERSION = YES;
				CLANG_WARN_OBJC_ROOT_CLASS = YES_ERROR;
				CLANG_WARN_UNREACHABLE_CODE = YES;
				CLANG_WARN__DUPLICATE_METHOD_MATCH = YES;
				"CODE_SIGN_IDENTITY[sdk=iphoneos*]" = "iPhone Developer";
				COPY_PHASE_STRIP = NO;
				DEBUG_INFORMATION_FORMAT = "dwarf-with-dsym";
				ENABLE_NS_ASSERTIONS = NO;
				ENABLE_STRICT_OBJC_MSGSEND = YES;
				FRAMEWORK_SEARCH_PATHS = (
					"$(SDKROOT)/Developer/Library/Frameworks",
					"$(inherited)",
				);
				GCC_C_LANGUAGE_STANDARD = gnu99;
				GCC_NO_COMMON_BLOCKS = YES;
				GCC_WARN_64_TO_32_BIT_CONVERSION = YES;
				GCC_WARN_ABOUT_RETURN_TYPE = YES_ERROR;
				GCC_WARN_UNDECLARED_SELECTOR = YES;
				GCC_WARN_UNINITIALIZED_AUTOS = YES_AGGRESSIVE;
				GCC_WARN_UNUSED_FUNCTION = YES;
				GCC_WARN_UNUSED_VARIABLE = YES;
				INFOPLIST_FILE = "SocketIO-iOS/Info.plist";
				IPHONEOS_DEPLOYMENT_TARGET = 8.4;
				LD_RUNPATH_SEARCH_PATHS = "$(inherited) @executable_path/Frameworks @loader_path/Frameworks";
				MTL_ENABLE_DEBUG_INFO = NO;
				PRODUCT_BUNDLE_IDENTIFIER = "io.socket.$(PRODUCT_NAME:rfc1034identifier)";
				PRODUCT_NAME = "$(TARGET_NAME)";
				SDKROOT = appletvos;
				VALIDATE_PRODUCT = YES;
			};
			name = Release;
		};
/* End XCBuildConfiguration section */

/* Begin XCConfigurationList section */
		572EF2111B51F12F00EEBB58 /* Build configuration list for PBXProject "Socket.IO-Client-Swift" */ = {
			isa = XCConfigurationList;
			buildConfigurations = (
				572EF2121B51F12F00EEBB58 /* Debug */,
				572EF2131B51F12F00EEBB58 /* Release */,
			);
			defaultConfigurationIsVisible = 0;
			defaultConfigurationName = Release;
		};
		572EF22D1B51F16C00EEBB58 /* Build configuration list for PBXNativeTarget "SocketIO-iOS" */ = {
			isa = XCConfigurationList;
			buildConfigurations = (
				572EF22E1B51F16C00EEBB58 /* Debug */,
				572EF22F1B51F16C00EEBB58 /* Release */,
			);
			defaultConfigurationIsVisible = 0;
			defaultConfigurationName = Release;
		};
		572EF2301B51F16C00EEBB58 /* Build configuration list for PBXNativeTarget "SocketIO-iOSTests" */ = {
			isa = XCConfigurationList;
			buildConfigurations = (
				572EF2311B51F16C00EEBB58 /* Debug */,
				572EF2321B51F16C00EEBB58 /* Release */,
			);
			defaultConfigurationIsVisible = 0;
			defaultConfigurationName = Release;
		};
		572EF24B1B51F18A00EEBB58 /* Build configuration list for PBXNativeTarget "SocketIO-Mac" */ = {
			isa = XCConfigurationList;
			buildConfigurations = (
				572EF24C1B51F18A00EEBB58 /* Debug */,
				572EF24D1B51F18A00EEBB58 /* Release */,
			);
			defaultConfigurationIsVisible = 0;
			defaultConfigurationName = Release;
		};
		572EF24E1B51F18A00EEBB58 /* Build configuration list for PBXNativeTarget "SocketIO-MacTests" */ = {
			isa = XCConfigurationList;
			buildConfigurations = (
				572EF24F1B51F18A00EEBB58 /* Debug */,
				572EF2501B51F18A00EEBB58 /* Release */,
			);
			defaultConfigurationIsVisible = 0;
			defaultConfigurationName = Release;
		};
		57634A131BD9B46A00E19CD7 /* Build configuration list for PBXNativeTarget "SocketIO-tvOS" */ = {
			isa = XCConfigurationList;
			buildConfigurations = (
				57634A141BD9B46A00E19CD7 /* Debug */,
				57634A151BD9B46A00E19CD7 /* Release */,
			);
			defaultConfigurationIsVisible = 0;
			defaultConfigurationName = Release;
		};
		57634A381BD9B46D00E19CD7 /* Build configuration list for PBXNativeTarget "SocketIO-tvOSTests" */ = {
			isa = XCConfigurationList;
			buildConfigurations = (
				57634A391BD9B46D00E19CD7 /* Debug */,
				57634A3A1BD9B46D00E19CD7 /* Release */,
			);
			defaultConfigurationIsVisible = 0;
			defaultConfigurationName = Release;
		};
/* End XCConfigurationList section */
	};
	rootObject = 572EF20E1B51F12F00EEBB58 /* Project object */;
}
