// !$*UTF8*$!
{
	archiveVersion = 1;
	classes = {
	};
	objectVersion = 46;
	objects = {

/* Begin PBXBuildFile section */
		572EF21F1B51F16C00EEBB58 /* SocketIO.h in Headers */ = {isa = PBXBuildFile; fileRef = 572EF21E1B51F16C00EEBB58 /* SocketIO.h */; settings = {ATTRIBUTES = (Public, ); }; };
		572EF2251B51F16C00EEBB58 /* SocketIO.framework in Frameworks */ = {isa = PBXBuildFile; fileRef = 572EF2191B51F16C00EEBB58 /* SocketIO.framework */; };
		740CA1221C496EF700CB98F4 /* SocketEngineWebsocket.swift in Sources */ = {isa = PBXBuildFile; fileRef = 740CA11F1C496EEB00CB98F4 /* SocketEngineWebsocket.swift */; };
		74171E631C10CD240062D398 /* SocketAckEmitter.swift in Sources */ = {isa = PBXBuildFile; fileRef = 74171E501C10CD240062D398 /* SocketAckEmitter.swift */; };
		74171E691C10CD240062D398 /* SocketAckManager.swift in Sources */ = {isa = PBXBuildFile; fileRef = 74171E511C10CD240062D398 /* SocketAckManager.swift */; };
		74171E6F1C10CD240062D398 /* SocketAnyEvent.swift in Sources */ = {isa = PBXBuildFile; fileRef = 74171E521C10CD240062D398 /* SocketAnyEvent.swift */; };
		74171E751C10CD240062D398 /* SocketEngine.swift in Sources */ = {isa = PBXBuildFile; fileRef = 74171E531C10CD240062D398 /* SocketEngine.swift */; };
		74171E7B1C10CD240062D398 /* SocketEngineClient.swift in Sources */ = {isa = PBXBuildFile; fileRef = 74171E541C10CD240062D398 /* SocketEngineClient.swift */; };
		74171E811C10CD240062D398 /* SocketEnginePacketType.swift in Sources */ = {isa = PBXBuildFile; fileRef = 74171E551C10CD240062D398 /* SocketEnginePacketType.swift */; };
		74171E871C10CD240062D398 /* SocketEngineSpec.swift in Sources */ = {isa = PBXBuildFile; fileRef = 74171E561C10CD240062D398 /* SocketEngineSpec.swift */; };
		74171E8D1C10CD240062D398 /* SocketEventHandler.swift in Sources */ = {isa = PBXBuildFile; fileRef = 74171E571C10CD240062D398 /* SocketEventHandler.swift */; };
		74171E991C10CD240062D398 /* SocketIOClient.swift in Sources */ = {isa = PBXBuildFile; fileRef = 74171E591C10CD240062D398 /* SocketIOClient.swift */; };
		74171E9F1C10CD240062D398 /* SocketIOClientOption.swift in Sources */ = {isa = PBXBuildFile; fileRef = 74171E5A1C10CD240062D398 /* SocketIOClientOption.swift */; };
		74171EA51C10CD240062D398 /* SocketIOClientStatus.swift in Sources */ = {isa = PBXBuildFile; fileRef = 74171E5B1C10CD240062D398 /* SocketIOClientStatus.swift */; };
		74171EAB1C10CD240062D398 /* SocketLogger.swift in Sources */ = {isa = PBXBuildFile; fileRef = 74171E5C1C10CD240062D398 /* SocketLogger.swift */; };
		74171EB11C10CD240062D398 /* SocketPacket.swift in Sources */ = {isa = PBXBuildFile; fileRef = 74171E5D1C10CD240062D398 /* SocketPacket.swift */; };
		74171EB71C10CD240062D398 /* SocketParsable.swift in Sources */ = {isa = PBXBuildFile; fileRef = 74171E5E1C10CD240062D398 /* SocketParsable.swift */; };
		74171EBD1C10CD240062D398 /* SocketStringReader.swift in Sources */ = {isa = PBXBuildFile; fileRef = 74171E5F1C10CD240062D398 /* SocketStringReader.swift */; };
		74171EC31C10CD240062D398 /* SocketTypes.swift in Sources */ = {isa = PBXBuildFile; fileRef = 74171E601C10CD240062D398 /* SocketTypes.swift */; };
		7420CB791C49629E00956AA4 /* SocketEnginePollable.swift in Sources */ = {isa = PBXBuildFile; fileRef = 7420CB781C49629E00956AA4 /* SocketEnginePollable.swift */; };
		747BC5991D5F943500CA5FA4 /* SocketIOClientConfiguration.swift in Sources */ = {isa = PBXBuildFile; fileRef = 747BC5981D5F943500CA5FA4 /* SocketIOClientConfiguration.swift */; };
		74ABF7771C3991C10078C657 /* SocketIOClientSpec.swift in Sources */ = {isa = PBXBuildFile; fileRef = 74ABF7761C3991C10078C657 /* SocketIOClientSpec.swift */; };
		74BC45AB1D0C6675008CC431 /* SocketClientManager.swift in Sources */ = {isa = PBXBuildFile; fileRef = 74BC45AA1D0C6675008CC431 /* SocketClientManager.swift */; };
		9468A8A61F55F8BB00C8F862 /* Starscream.framework in Frameworks */ = {isa = PBXBuildFile; fileRef = 9468A8A51F55F8BA00C8F862 /* Starscream.framework */; };
		9468A8A91F55F9E900C8F862 /* libz.tbd in Frameworks */ = {isa = PBXBuildFile; fileRef = 9468A8A81F55F9E900C8F862 /* libz.tbd */; };
		9468A8AB1F55F9EE00C8F862 /* Security.framework in Frameworks */ = {isa = PBXBuildFile; fileRef = 9468A8AA1F55F9EE00C8F862 /* Security.framework */; };
		9468A8B01F55FAA700C8F862 /* SocketAckManagerTest.swift in Sources */ = {isa = PBXBuildFile; fileRef = 74321DC91C2D939A00CF6F43 /* SocketAckManagerTest.swift */; };
		9468A8B11F55FAA700C8F862 /* SocketBasicPacketTest.swift in Sources */ = {isa = PBXBuildFile; fileRef = 74F124EF1BC574CF002966F4 /* SocketBasicPacketTest.swift */; };
		9468A8B21F55FAA700C8F862 /* SocketEngineTest.swift in Sources */ = {isa = PBXBuildFile; fileRef = 741F39ED1BD025D80026C9CC /* SocketEngineTest.swift */; };
		9468A8B31F55FAA700C8F862 /* SocketNamespacePacketTest.swift in Sources */ = {isa = PBXBuildFile; fileRef = 7472C65B1BCAB53E003CA70D /* SocketNamespacePacketTest.swift */; };
		9468A8B41F55FAA700C8F862 /* SocketIOClientConfigurationTest.swift in Sources */ = {isa = PBXBuildFile; fileRef = 747BC59E1D5F9BA200CA5FA4 /* SocketIOClientConfigurationTest.swift */; };
		9468A8B51F55FAA700C8F862 /* SocketObjectiveCTest.m in Sources */ = {isa = PBXBuildFile; fileRef = 742D150B1CA5794B00BD987D /* SocketObjectiveCTest.m */; };
		9468A8B61F55FAA700C8F862 /* SocketParserTest.swift in Sources */ = {isa = PBXBuildFile; fileRef = 74321DCA1C2D939A00CF6F43 /* SocketParserTest.swift */; };
		9468A8B71F55FAA700C8F862 /* SocketSideEffectTest.swift in Sources */ = {isa = PBXBuildFile; fileRef = 7472C65E1BCAC46E003CA70D /* SocketSideEffectTest.swift */; };
		CEBA569A1CDA0B8200BA0389 /* SocketExtensions.swift in Sources */ = {isa = PBXBuildFile; fileRef = CEBA56991CDA0B8200BA0389 /* SocketExtensions.swift */; };
/* End PBXBuildFile section */

/* Begin PBXContainerItemProxy section */
		572EF2261B51F16C00EEBB58 /* PBXContainerItemProxy */ = {
			isa = PBXContainerItemProxy;
			containerPortal = 572EF20E1B51F12F00EEBB58 /* Project object */;
			proxyType = 1;
			remoteGlobalIDString = 572EF2181B51F16C00EEBB58;
			remoteInfo = "SocketIO-iOS";
		};
/* End PBXContainerItemProxy section */

/* Begin PBXFileReference section */
		572EF2191B51F16C00EEBB58 /* SocketIO.framework */ = {isa = PBXFileReference; explicitFileType = wrapper.framework; includeInIndex = 0; path = SocketIO.framework; sourceTree = BUILT_PRODUCTS_DIR; };
		572EF21D1B51F16C00EEBB58 /* Info.plist */ = {isa = PBXFileReference; lastKnownFileType = text.plist.xml; path = Info.plist; sourceTree = "<group>"; };
		572EF21E1B51F16C00EEBB58 /* SocketIO.h */ = {isa = PBXFileReference; lastKnownFileType = sourcecode.c.h; path = SocketIO.h; sourceTree = "<group>"; };
		572EF2241B51F16C00EEBB58 /* SocketIOTests.xctest */ = {isa = PBXFileReference; explicitFileType = wrapper.cfbundle; includeInIndex = 0; path = SocketIOTests.xctest; sourceTree = BUILT_PRODUCTS_DIR; };
		572EF2481B51F18A00EEBB58 /* Info.plist */ = {isa = PBXFileReference; lastKnownFileType = text.plist.xml; path = Info.plist; sourceTree = "<group>"; };
		740CA11F1C496EEB00CB98F4 /* SocketEngineWebsocket.swift */ = {isa = PBXFileReference; lastKnownFileType = sourcecode.swift; name = SocketEngineWebsocket.swift; path = Source/SocketEngineWebsocket.swift; sourceTree = "<group>"; };
		74171E501C10CD240062D398 /* SocketAckEmitter.swift */ = {isa = PBXFileReference; fileEncoding = 4; lastKnownFileType = sourcecode.swift; name = SocketAckEmitter.swift; path = Source/SocketAckEmitter.swift; sourceTree = "<group>"; };
		74171E511C10CD240062D398 /* SocketAckManager.swift */ = {isa = PBXFileReference; fileEncoding = 4; lastKnownFileType = sourcecode.swift; name = SocketAckManager.swift; path = Source/SocketAckManager.swift; sourceTree = "<group>"; };
		74171E521C10CD240062D398 /* SocketAnyEvent.swift */ = {isa = PBXFileReference; fileEncoding = 4; lastKnownFileType = sourcecode.swift; name = SocketAnyEvent.swift; path = Source/SocketAnyEvent.swift; sourceTree = "<group>"; };
		74171E531C10CD240062D398 /* SocketEngine.swift */ = {isa = PBXFileReference; fileEncoding = 4; lastKnownFileType = sourcecode.swift; name = SocketEngine.swift; path = Source/SocketEngine.swift; sourceTree = "<group>"; };
		74171E541C10CD240062D398 /* SocketEngineClient.swift */ = {isa = PBXFileReference; fileEncoding = 4; lastKnownFileType = sourcecode.swift; name = SocketEngineClient.swift; path = Source/SocketEngineClient.swift; sourceTree = "<group>"; };
		74171E551C10CD240062D398 /* SocketEnginePacketType.swift */ = {isa = PBXFileReference; fileEncoding = 4; lastKnownFileType = sourcecode.swift; name = SocketEnginePacketType.swift; path = Source/SocketEnginePacketType.swift; sourceTree = "<group>"; };
		74171E561C10CD240062D398 /* SocketEngineSpec.swift */ = {isa = PBXFileReference; fileEncoding = 4; lastKnownFileType = sourcecode.swift; name = SocketEngineSpec.swift; path = Source/SocketEngineSpec.swift; sourceTree = "<group>"; };
		74171E571C10CD240062D398 /* SocketEventHandler.swift */ = {isa = PBXFileReference; fileEncoding = 4; lastKnownFileType = sourcecode.swift; name = SocketEventHandler.swift; path = Source/SocketEventHandler.swift; sourceTree = "<group>"; };
		74171E591C10CD240062D398 /* SocketIOClient.swift */ = {isa = PBXFileReference; fileEncoding = 4; lastKnownFileType = sourcecode.swift; name = SocketIOClient.swift; path = Source/SocketIOClient.swift; sourceTree = "<group>"; };
		74171E5A1C10CD240062D398 /* SocketIOClientOption.swift */ = {isa = PBXFileReference; fileEncoding = 4; lastKnownFileType = sourcecode.swift; name = SocketIOClientOption.swift; path = Source/SocketIOClientOption.swift; sourceTree = "<group>"; };
		74171E5B1C10CD240062D398 /* SocketIOClientStatus.swift */ = {isa = PBXFileReference; fileEncoding = 4; lastKnownFileType = sourcecode.swift; name = SocketIOClientStatus.swift; path = Source/SocketIOClientStatus.swift; sourceTree = "<group>"; };
		74171E5C1C10CD240062D398 /* SocketLogger.swift */ = {isa = PBXFileReference; fileEncoding = 4; lastKnownFileType = sourcecode.swift; name = SocketLogger.swift; path = Source/SocketLogger.swift; sourceTree = "<group>"; };
		74171E5D1C10CD240062D398 /* SocketPacket.swift */ = {isa = PBXFileReference; fileEncoding = 4; lastKnownFileType = sourcecode.swift; name = SocketPacket.swift; path = Source/SocketPacket.swift; sourceTree = "<group>"; };
		74171E5E1C10CD240062D398 /* SocketParsable.swift */ = {isa = PBXFileReference; fileEncoding = 4; lastKnownFileType = sourcecode.swift; name = SocketParsable.swift; path = Source/SocketParsable.swift; sourceTree = "<group>"; };
		74171E5F1C10CD240062D398 /* SocketStringReader.swift */ = {isa = PBXFileReference; fileEncoding = 4; lastKnownFileType = sourcecode.swift; name = SocketStringReader.swift; path = Source/SocketStringReader.swift; sourceTree = "<group>"; };
		74171E601C10CD240062D398 /* SocketTypes.swift */ = {isa = PBXFileReference; fileEncoding = 4; lastKnownFileType = sourcecode.swift; name = SocketTypes.swift; path = Source/SocketTypes.swift; sourceTree = "<group>"; };
		741F39ED1BD025D80026C9CC /* SocketEngineTest.swift */ = {isa = PBXFileReference; fileEncoding = 4; lastKnownFileType = sourcecode.swift; path = SocketEngineTest.swift; sourceTree = "<group>"; };
		7420CB781C49629E00956AA4 /* SocketEnginePollable.swift */ = {isa = PBXFileReference; fileEncoding = 4; lastKnownFileType = sourcecode.swift; name = SocketEnginePollable.swift; path = Source/SocketEnginePollable.swift; sourceTree = "<group>"; };
		742D150B1CA5794B00BD987D /* SocketObjectiveCTest.m */ = {isa = PBXFileReference; fileEncoding = 4; lastKnownFileType = sourcecode.c.objc; path = SocketObjectiveCTest.m; sourceTree = "<group>"; };
		74321DC91C2D939A00CF6F43 /* SocketAckManagerTest.swift */ = {isa = PBXFileReference; lastKnownFileType = sourcecode.swift; path = SocketAckManagerTest.swift; sourceTree = "<group>"; };
		74321DCA1C2D939A00CF6F43 /* SocketParserTest.swift */ = {isa = PBXFileReference; lastKnownFileType = sourcecode.swift; path = SocketParserTest.swift; sourceTree = "<group>"; };
		7472C65B1BCAB53E003CA70D /* SocketNamespacePacketTest.swift */ = {isa = PBXFileReference; fileEncoding = 4; lastKnownFileType = sourcecode.swift; path = SocketNamespacePacketTest.swift; sourceTree = "<group>"; };
		7472C65E1BCAC46E003CA70D /* SocketSideEffectTest.swift */ = {isa = PBXFileReference; fileEncoding = 4; lastKnownFileType = sourcecode.swift; path = SocketSideEffectTest.swift; sourceTree = "<group>"; };
		747BC5981D5F943500CA5FA4 /* SocketIOClientConfiguration.swift */ = {isa = PBXFileReference; fileEncoding = 4; lastKnownFileType = sourcecode.swift; name = SocketIOClientConfiguration.swift; path = Source/SocketIOClientConfiguration.swift; sourceTree = "<group>"; };
		747BC59E1D5F9BA200CA5FA4 /* SocketIOClientConfigurationTest.swift */ = {isa = PBXFileReference; fileEncoding = 4; lastKnownFileType = sourcecode.swift; path = SocketIOClientConfigurationTest.swift; sourceTree = "<group>"; };
		74ABF7761C3991C10078C657 /* SocketIOClientSpec.swift */ = {isa = PBXFileReference; fileEncoding = 4; lastKnownFileType = sourcecode.swift; name = SocketIOClientSpec.swift; path = Source/SocketIOClientSpec.swift; sourceTree = "<group>"; };
		74BC45AA1D0C6675008CC431 /* SocketClientManager.swift */ = {isa = PBXFileReference; fileEncoding = 4; lastKnownFileType = sourcecode.swift; name = SocketClientManager.swift; path = Source/SocketClientManager.swift; sourceTree = "<group>"; };
		74F124EF1BC574CF002966F4 /* SocketBasicPacketTest.swift */ = {isa = PBXFileReference; fileEncoding = 4; lastKnownFileType = sourcecode.swift; path = SocketBasicPacketTest.swift; sourceTree = "<group>"; };
		9468A8A51F55F8BA00C8F862 /* Starscream.framework */ = {isa = PBXFileReference; lastKnownFileType = wrapper.framework; name = Starscream.framework; path = Carthage/Build/iOS/Starscream.framework; sourceTree = "<group>"; };
		9468A8A81F55F9E900C8F862 /* libz.tbd */ = {isa = PBXFileReference; lastKnownFileType = "sourcecode.text-based-dylib-definition"; name = libz.tbd; path = Platforms/iPhoneOS.platform/Developer/SDKs/iPhoneOS11.0.sdk/usr/lib/libz.tbd; sourceTree = DEVELOPER_DIR; };
		9468A8AA1F55F9EE00C8F862 /* Security.framework */ = {isa = PBXFileReference; lastKnownFileType = wrapper.framework; name = Security.framework; path = Platforms/iPhoneOS.platform/Developer/SDKs/iPhoneOS11.0.sdk/System/Library/Frameworks/Security.framework; sourceTree = DEVELOPER_DIR; };
		CEBA56991CDA0B8200BA0389 /* SocketExtensions.swift */ = {isa = PBXFileReference; fileEncoding = 4; lastKnownFileType = sourcecode.swift; name = SocketExtensions.swift; path = Source/SocketExtensions.swift; sourceTree = "<group>"; };
		DD52BA265A22022906AF006D /* FAQ.md */ = {isa = PBXFileReference; fileEncoding = 4; lastKnownFileType = net.daringfireball.markdown; name = FAQ.md; path = "Usage Docs/FAQ.md"; sourceTree = "<group>"; };
/* End PBXFileReference section */

/* Begin PBXFrameworksBuildPhase section */
		572EF2151B51F16C00EEBB58 /* Frameworks */ = {
			isa = PBXFrameworksBuildPhase;
			buildActionMask = 2147483647;
			files = (
				9468A8AB1F55F9EE00C8F862 /* Security.framework in Frameworks */,
				9468A8A91F55F9E900C8F862 /* libz.tbd in Frameworks */,
				9468A8A61F55F8BB00C8F862 /* Starscream.framework in Frameworks */,
			);
			runOnlyForDeploymentPostprocessing = 0;
		};
		572EF2211B51F16C00EEBB58 /* Frameworks */ = {
			isa = PBXFrameworksBuildPhase;
			buildActionMask = 2147483647;
			files = (
				572EF2251B51F16C00EEBB58 /* SocketIO.framework in Frameworks */,
			);
			runOnlyForDeploymentPostprocessing = 0;
		};
/* End PBXFrameworksBuildPhase section */

/* Begin PBXGroup section */
		572EF20D1B51F12F00EEBB58 = {
			isa = PBXGroup;
			children = (
				572EF2461B51F18A00EEBB58 /* Tests */,
				5764DF7B1B51F24A004FF46E /* Source */,
				572EF21A1B51F16C00EEBB58 /* Products */,
				572EF21B1B51F16C00EEBB58 /* SocketIO */,
				DD52BA265A22022906AF006D /* FAQ.md */,
				9468A8A41F55F8BA00C8F862 /* Frameworks */,
			);
			sourceTree = "<group>";
		};
		572EF21A1B51F16C00EEBB58 /* Products */ = {
			isa = PBXGroup;
			children = (
				572EF2191B51F16C00EEBB58 /* SocketIO.framework */,
				572EF2241B51F16C00EEBB58 /* SocketIOTests.xctest */,
			);
			name = Products;
			sourceTree = "<group>";
		};
		572EF21B1B51F16C00EEBB58 /* SocketIO */ = {
			isa = PBXGroup;
			children = (
				572EF21E1B51F16C00EEBB58 /* SocketIO.h */,
				572EF21C1B51F16C00EEBB58 /* Supporting Files */,
			);
			path = SocketIO;
			sourceTree = "<group>";
		};
		572EF21C1B51F16C00EEBB58 /* Supporting Files */ = {
			isa = PBXGroup;
			children = (
				572EF21D1B51F16C00EEBB58 /* Info.plist */,
			);
			name = "Supporting Files";
			sourceTree = "<group>";
		};
		572EF2461B51F18A00EEBB58 /* Tests */ = {
			isa = PBXGroup;
			children = (
				74321DC91C2D939A00CF6F43 /* SocketAckManagerTest.swift */,
				74F124EF1BC574CF002966F4 /* SocketBasicPacketTest.swift */,
				741F39ED1BD025D80026C9CC /* SocketEngineTest.swift */,
				7472C65B1BCAB53E003CA70D /* SocketNamespacePacketTest.swift */,
				747BC59E1D5F9BA200CA5FA4 /* SocketIOClientConfigurationTest.swift */,
				742D150B1CA5794B00BD987D /* SocketObjectiveCTest.m */,
				74321DCA1C2D939A00CF6F43 /* SocketParserTest.swift */,
				7472C65E1BCAC46E003CA70D /* SocketSideEffectTest.swift */,
				572EF2471B51F18A00EEBB58 /* Supporting Files */,
			);
			path = Tests;
			sourceTree = "<group>";
		};
		572EF2471B51F18A00EEBB58 /* Supporting Files */ = {
			isa = PBXGroup;
			children = (
				572EF2481B51F18A00EEBB58 /* Info.plist */,
			);
			name = "Supporting Files";
			sourceTree = "<group>";
		};
		5764DF7B1B51F24A004FF46E /* Source */ = {
			isa = PBXGroup;
			children = (
				74171E501C10CD240062D398 /* SocketAckEmitter.swift */,
				74171E511C10CD240062D398 /* SocketAckManager.swift */,
				74171E521C10CD240062D398 /* SocketAnyEvent.swift */,
				74BC45AA1D0C6675008CC431 /* SocketClientManager.swift */,
				74171E531C10CD240062D398 /* SocketEngine.swift */,
				74171E541C10CD240062D398 /* SocketEngineClient.swift */,
				74171E551C10CD240062D398 /* SocketEnginePacketType.swift */,
				7420CB781C49629E00956AA4 /* SocketEnginePollable.swift */,
				74171E561C10CD240062D398 /* SocketEngineSpec.swift */,
				740CA11F1C496EEB00CB98F4 /* SocketEngineWebsocket.swift */,
				74171E571C10CD240062D398 /* SocketEventHandler.swift */,
				CEBA56991CDA0B8200BA0389 /* SocketExtensions.swift */,
				74171E591C10CD240062D398 /* SocketIOClient.swift */,
				747BC5981D5F943500CA5FA4 /* SocketIOClientConfiguration.swift */,
				74171E5A1C10CD240062D398 /* SocketIOClientOption.swift */,
				74ABF7761C3991C10078C657 /* SocketIOClientSpec.swift */,
				74171E5B1C10CD240062D398 /* SocketIOClientStatus.swift */,
				74171E5C1C10CD240062D398 /* SocketLogger.swift */,
				74171E5D1C10CD240062D398 /* SocketPacket.swift */,
				74171E5E1C10CD240062D398 /* SocketParsable.swift */,
				74171E5F1C10CD240062D398 /* SocketStringReader.swift */,
				74171E601C10CD240062D398 /* SocketTypes.swift */,
			);
			name = Source;
			sourceTree = "<group>";
		};
		9468A8A41F55F8BA00C8F862 /* Frameworks */ = {
			isa = PBXGroup;
			children = (
				9468A8AA1F55F9EE00C8F862 /* Security.framework */,
				9468A8A81F55F9E900C8F862 /* libz.tbd */,
				9468A8A51F55F8BA00C8F862 /* Starscream.framework */,
			);
			name = Frameworks;
			sourceTree = "<group>";
		};
/* End PBXGroup section */

/* Begin PBXHeadersBuildPhase section */
		572EF2161B51F16C00EEBB58 /* Headers */ = {
			isa = PBXHeadersBuildPhase;
			buildActionMask = 2147483647;
			files = (
				572EF21F1B51F16C00EEBB58 /* SocketIO.h in Headers */,
			);
			runOnlyForDeploymentPostprocessing = 0;
		};
/* End PBXHeadersBuildPhase section */

/* Begin PBXNativeTarget section */
		572EF2181B51F16C00EEBB58 /* SocketIO */ = {
			isa = PBXNativeTarget;
			buildConfigurationList = 572EF22D1B51F16C00EEBB58 /* Build configuration list for PBXNativeTarget "SocketIO" */;
			buildPhases = (
				572EF2141B51F16C00EEBB58 /* Sources */,
				572EF2151B51F16C00EEBB58 /* Frameworks */,
				572EF2161B51F16C00EEBB58 /* Headers */,
				572EF2171B51F16C00EEBB58 /* Resources */,
			);
			buildRules = (
			);
			dependencies = (
			);
			name = SocketIO;
			productName = "SocketIO-iOS";
			productReference = 572EF2191B51F16C00EEBB58 /* SocketIO.framework */;
			productType = "com.apple.product-type.framework";
		};
		572EF2231B51F16C00EEBB58 /* SocketIOTests */ = {
			isa = PBXNativeTarget;
			buildConfigurationList = 572EF2301B51F16C00EEBB58 /* Build configuration list for PBXNativeTarget "SocketIOTests" */;
			buildPhases = (
				572EF2201B51F16C00EEBB58 /* Sources */,
				572EF2211B51F16C00EEBB58 /* Frameworks */,
				572EF2221B51F16C00EEBB58 /* Resources */,
				9468A8A31F55F8A200C8F862 /* ShellScript */,
			);
			buildRules = (
			);
			dependencies = (
				572EF2271B51F16C00EEBB58 /* PBXTargetDependency */,
			);
			name = SocketIOTests;
			productName = "SocketIO-iOSTests";
			productReference = 572EF2241B51F16C00EEBB58 /* SocketIOTests.xctest */;
			productType = "com.apple.product-type.bundle.unit-test";
		};
/* End PBXNativeTarget section */

/* Begin PBXProject section */
		572EF20E1B51F12F00EEBB58 /* Project object */ = {
			isa = PBXProject;
			attributes = {
				LastSwiftMigration = 0730;
				LastSwiftUpdateCheck = 0730;
				LastUpgradeCheck = 0800;
				TargetAttributes = {
					572EF2181B51F16C00EEBB58 = {
						CreatedOnToolsVersion = 6.4;
					};
					572EF2231B51F16C00EEBB58 = {
						CreatedOnToolsVersion = 6.4;
					};
				};
			};
			buildConfigurationList = 572EF2111B51F12F00EEBB58 /* Build configuration list for PBXProject "Socket.IO-Client-Swift" */;
			compatibilityVersion = "Xcode 3.2";
			developmentRegion = English;
			hasScannedForEncodings = 0;
			knownRegions = (
				en,
			);
			mainGroup = 572EF20D1B51F12F00EEBB58;
			productRefGroup = 572EF21A1B51F16C00EEBB58 /* Products */;
			projectDirPath = "";
			projectRoot = "";
			targets = (
				572EF2181B51F16C00EEBB58 /* SocketIO */,
				572EF2231B51F16C00EEBB58 /* SocketIOTests */,
			);
		};
/* End PBXProject section */

/* Begin PBXResourcesBuildPhase section */
		572EF2171B51F16C00EEBB58 /* Resources */ = {
			isa = PBXResourcesBuildPhase;
			buildActionMask = 2147483647;
			files = (
			);
			runOnlyForDeploymentPostprocessing = 0;
		};
		572EF2221B51F16C00EEBB58 /* Resources */ = {
			isa = PBXResourcesBuildPhase;
			buildActionMask = 2147483647;
			files = (
			);
			runOnlyForDeploymentPostprocessing = 0;
		};
/* End PBXResourcesBuildPhase section */

/* Begin PBXShellScriptBuildPhase section */
		9468A8A31F55F8A200C8F862 /* ShellScript */ = {
			isa = PBXShellScriptBuildPhase;
			buildActionMask = 2147483647;
			files = (
			);
			inputPaths = (
			);
			outputPaths = (
			);
			runOnlyForDeploymentPostprocessing = 0;
			shellPath = /bin/sh;
			shellScript = "for path in $FRAMEWORK_SEARCH_PATHS\ndo\nif [ -d \"${path}/Starscream.framework\" ] && [[ $path == *\"Carthage\"* ]]; then\nexport SCRIPT_INPUT_FILE_COUNT=1\nexport SCRIPT_INPUT_FILE_0=\"${path}/Starscream.framework\"\n/usr/local/bin/carthage copy-frameworks\nbreak\nfi\ndone\n\n";
		};
/* End PBXShellScriptBuildPhase section */

/* Begin PBXSourcesBuildPhase section */
		572EF2141B51F16C00EEBB58 /* Sources */ = {
			isa = PBXSourcesBuildPhase;
			buildActionMask = 2147483647;
			files = (
				740CA1221C496EF700CB98F4 /* SocketEngineWebsocket.swift in Sources */,
				74171EA51C10CD240062D398 /* SocketIOClientStatus.swift in Sources */,
				CEBA569A1CDA0B8200BA0389 /* SocketExtensions.swift in Sources */,
				74171E751C10CD240062D398 /* SocketEngine.swift in Sources */,
				74171E691C10CD240062D398 /* SocketAckManager.swift in Sources */,
				7420CB791C49629E00956AA4 /* SocketEnginePollable.swift in Sources */,
				74ABF7771C3991C10078C657 /* SocketIOClientSpec.swift in Sources */,
				74171E871C10CD240062D398 /* SocketEngineSpec.swift in Sources */,
				74171E631C10CD240062D398 /* SocketAckEmitter.swift in Sources */,
				74171EBD1C10CD240062D398 /* SocketStringReader.swift in Sources */,
				74171EC31C10CD240062D398 /* SocketTypes.swift in Sources */,
				74171EAB1C10CD240062D398 /* SocketLogger.swift in Sources */,
				74171E991C10CD240062D398 /* SocketIOClient.swift in Sources */,
				74171E8D1C10CD240062D398 /* SocketEventHandler.swift in Sources */,
				74171E7B1C10CD240062D398 /* SocketEngineClient.swift in Sources */,
				74171EB11C10CD240062D398 /* SocketPacket.swift in Sources */,
				74171EB71C10CD240062D398 /* SocketParsable.swift in Sources */,
				74171E811C10CD240062D398 /* SocketEnginePacketType.swift in Sources */,
				74171E6F1C10CD240062D398 /* SocketAnyEvent.swift in Sources */,
				747BC5991D5F943500CA5FA4 /* SocketIOClientConfiguration.swift in Sources */,
				74171E9F1C10CD240062D398 /* SocketIOClientOption.swift in Sources */,
				74BC45AB1D0C6675008CC431 /* SocketClientManager.swift in Sources */,
			);
			runOnlyForDeploymentPostprocessing = 0;
		};
		572EF2201B51F16C00EEBB58 /* Sources */ = {
			isa = PBXSourcesBuildPhase;
			buildActionMask = 2147483647;
			files = (
				9468A8B71F55FAA700C8F862 /* SocketSideEffectTest.swift in Sources */,
				9468A8B31F55FAA700C8F862 /* SocketNamespacePacketTest.swift in Sources */,
				9468A8B01F55FAA700C8F862 /* SocketAckManagerTest.swift in Sources */,
				9468A8B41F55FAA700C8F862 /* SocketIOClientConfigurationTest.swift in Sources */,
				9468A8B21F55FAA700C8F862 /* SocketEngineTest.swift in Sources */,
				9468A8B51F55FAA700C8F862 /* SocketObjectiveCTest.m in Sources */,
				9468A8B11F55FAA700C8F862 /* SocketBasicPacketTest.swift in Sources */,
				9468A8B61F55FAA700C8F862 /* SocketParserTest.swift in Sources */,
			);
			runOnlyForDeploymentPostprocessing = 0;
		};
/* End PBXSourcesBuildPhase section */

/* Begin PBXTargetDependency section */
		572EF2271B51F16C00EEBB58 /* PBXTargetDependency */ = {
			isa = PBXTargetDependency;
			target = 572EF2181B51F16C00EEBB58 /* SocketIO */;
			targetProxy = 572EF2261B51F16C00EEBB58 /* PBXContainerItemProxy */;
		};
/* End PBXTargetDependency section */

/* Begin XCBuildConfiguration section */
		572EF2121B51F12F00EEBB58 /* Debug */ = {
			isa = XCBuildConfiguration;
			buildSettings = {
				BITCODE_GENERATION_MODE = bitcode;
				CLANG_WARN_BOOL_CONVERSION = YES;
				CLANG_WARN_CONSTANT_CONVERSION = YES;
				CLANG_WARN_EMPTY_BODY = YES;
				CLANG_WARN_ENUM_CONVERSION = YES;
				CLANG_WARN_INT_CONVERSION = YES;
				CLANG_WARN_UNREACHABLE_CODE = YES;
				CLANG_WARN__DUPLICATE_METHOD_MATCH = YES;
				CODE_SIGN_IDENTITY = "Developer ID Application";
				ENABLE_BITCODE = YES;
				ENABLE_STRICT_OBJC_MSGSEND = YES;
				ENABLE_TESTABILITY = YES;
				GCC_NO_COMMON_BLOCKS = YES;
				GCC_OPTIMIZATION_LEVEL = 0;
				GCC_WARN_64_TO_32_BIT_CONVERSION = YES;
				GCC_WARN_ABOUT_RETURN_TYPE = YES;
				GCC_WARN_UNDECLARED_SELECTOR = YES;
				GCC_WARN_UNINITIALIZED_AUTOS = YES;
				GCC_WARN_UNUSED_FUNCTION = YES;
				GCC_WARN_UNUSED_VARIABLE = YES;
				IPHONEOS_DEPLOYMENT_TARGET = 8.0;
				MACOSX_DEPLOYMENT_TARGET = 10.10;
				ONLY_ACTIVE_ARCH = YES;
				PRODUCT_NAME = SocketIO;
				SWIFT_OPTIMIZATION_LEVEL = "-Onone";
				SWIFT_VERSION = 3.0;
				TVOS_DEPLOYMENT_TARGET = 9.0;
				WATCHOS_DEPLOYMENT_TARGET = 2.0;
			};
			name = Debug;
		};
		572EF2131B51F12F00EEBB58 /* Release */ = {
			isa = XCBuildConfiguration;
			buildSettings = {
				BITCODE_GENERATION_MODE = bitcode;
				CLANG_WARN_BOOL_CONVERSION = YES;
				CLANG_WARN_CONSTANT_CONVERSION = YES;
				CLANG_WARN_EMPTY_BODY = YES;
				CLANG_WARN_ENUM_CONVERSION = YES;
				CLANG_WARN_INT_CONVERSION = YES;
				CLANG_WARN_UNREACHABLE_CODE = YES;
				CLANG_WARN__DUPLICATE_METHOD_MATCH = YES;
				CODE_SIGN_IDENTITY = "Developer ID Application";
				ENABLE_BITCODE = YES;
				ENABLE_STRICT_OBJC_MSGSEND = YES;
				GCC_NO_COMMON_BLOCKS = YES;
				GCC_WARN_64_TO_32_BIT_CONVERSION = YES;
				GCC_WARN_ABOUT_RETURN_TYPE = YES;
				GCC_WARN_UNDECLARED_SELECTOR = YES;
				GCC_WARN_UNINITIALIZED_AUTOS = YES;
				GCC_WARN_UNUSED_FUNCTION = YES;
				GCC_WARN_UNUSED_VARIABLE = YES;
				IPHONEOS_DEPLOYMENT_TARGET = 8.0;
				MACOSX_DEPLOYMENT_TARGET = 10.10;
				PRODUCT_NAME = SocketIO;
				SWIFT_OPTIMIZATION_LEVEL = "-Owholemodule";
				SWIFT_VERSION = 3.0;
				TVOS_DEPLOYMENT_TARGET = 9.0;
				WATCHOS_DEPLOYMENT_TARGET = 2.0;
			};
			name = Release;
		};
		572EF22E1B51F16C00EEBB58 /* Debug */ = {
			isa = XCBuildConfiguration;
			buildSettings = {
				ALWAYS_SEARCH_USER_PATHS = NO;
				APPLICATION_EXTENSION_API_ONLY = YES;
				CLANG_CXX_LANGUAGE_STANDARD = "gnu++0x";
				CLANG_CXX_LIBRARY = "libc++";
				CLANG_ENABLE_MODULES = YES;
				CLANG_ENABLE_OBJC_ARC = YES;
				CLANG_WARN_BOOL_CONVERSION = YES;
				CLANG_WARN_CONSTANT_CONVERSION = YES;
				CLANG_WARN_DIRECT_OBJC_ISA_USAGE = YES_ERROR;
				CLANG_WARN_EMPTY_BODY = YES;
				CLANG_WARN_ENUM_CONVERSION = YES;
				CLANG_WARN_INT_CONVERSION = YES;
				CLANG_WARN_OBJC_ROOT_CLASS = YES_ERROR;
				CLANG_WARN_UNREACHABLE_CODE = YES;
				CLANG_WARN__DUPLICATE_METHOD_MATCH = YES;
				CODE_SIGN_IDENTITY = "iPhone Developer";
				"CODE_SIGN_IDENTITY[sdk=iphoneos*]" = "iPhone Developer";
				COPY_PHASE_STRIP = NO;
				CURRENT_PROJECT_VERSION = 1;
				DEBUG_INFORMATION_FORMAT = "dwarf-with-dsym";
				DEFINES_MODULE = YES;
				DYLIB_COMPATIBILITY_VERSION = 1;
				DYLIB_CURRENT_VERSION = 1;
				DYLIB_INSTALL_NAME_BASE = "@rpath";
				ENABLE_STRICT_OBJC_MSGSEND = YES;
				FRAMEWORK_SEARCH_PATHS = (
					"$(inherited)",
					"$(PROJECT_DIR)/Carthage/Build/iOS",
				);
				GCC_C_LANGUAGE_STANDARD = gnu99;
				GCC_DYNAMIC_NO_PIC = NO;
				GCC_NO_COMMON_BLOCKS = YES;
				GCC_PREPROCESSOR_DEFINITIONS = (
					"DEBUG=1",
					"$(inherited)",
				);
				GCC_SYMBOLS_PRIVATE_EXTERN = NO;
				GCC_WARN_64_TO_32_BIT_CONVERSION = YES;
				GCC_WARN_ABOUT_RETURN_TYPE = YES_ERROR;
				GCC_WARN_UNDECLARED_SELECTOR = YES;
				GCC_WARN_UNINITIALIZED_AUTOS = YES_AGGRESSIVE;
				GCC_WARN_UNUSED_FUNCTION = YES;
				GCC_WARN_UNUSED_VARIABLE = YES;
				INFOPLIST_FILE = SocketIO/Info.plist;
				INSTALL_PATH = "$(LOCAL_LIBRARY_DIR)/Frameworks";
				LD_RUNPATH_SEARCH_PATHS = "$(inherited) @executable_path/Frameworks @loader_path/Frameworks";
				MTL_ENABLE_DEBUG_INFO = YES;
				ONLY_ACTIVE_ARCH = YES;
				PRODUCT_BUNDLE_IDENTIFIER = io.socket.SocketIOClientSwift;
				SDKROOT = iphoneos;
				SKIP_INSTALL = YES;
				SWIFT_INCLUDE_PATHS = $SRCROOT/zlib;
				SWIFT_OPTIMIZATION_LEVEL = "-Onone";
				SWIFT_VERSION = 3.0;
				TARGETED_DEVICE_FAMILY = "1,2";
				VERSIONING_SYSTEM = "apple-generic";
				VERSION_INFO_PREFIX = "";
			};
			name = Debug;
		};
		572EF22F1B51F16C00EEBB58 /* Release */ = {
			isa = XCBuildConfiguration;
			buildSettings = {
				ALWAYS_SEARCH_USER_PATHS = NO;
				APPLICATION_EXTENSION_API_ONLY = YES;
				CLANG_CXX_LANGUAGE_STANDARD = "gnu++0x";
				CLANG_CXX_LIBRARY = "libc++";
				CLANG_ENABLE_MODULES = YES;
				CLANG_ENABLE_OBJC_ARC = YES;
				CLANG_WARN_BOOL_CONVERSION = YES;
				CLANG_WARN_CONSTANT_CONVERSION = YES;
				CLANG_WARN_DIRECT_OBJC_ISA_USAGE = YES_ERROR;
				CLANG_WARN_EMPTY_BODY = YES;
				CLANG_WARN_ENUM_CONVERSION = YES;
				CLANG_WARN_INT_CONVERSION = YES;
				CLANG_WARN_OBJC_ROOT_CLASS = YES_ERROR;
				CLANG_WARN_UNREACHABLE_CODE = YES;
				CLANG_WARN__DUPLICATE_METHOD_MATCH = YES;
				CODE_SIGN_IDENTITY = "iPhone Distribution";
				"CODE_SIGN_IDENTITY[sdk=iphoneos*]" = "iPhone Distribution";
				COPY_PHASE_STRIP = NO;
				CURRENT_PROJECT_VERSION = 1;
				DEBUG_INFORMATION_FORMAT = "dwarf-with-dsym";
				DEFINES_MODULE = YES;
				DYLIB_COMPATIBILITY_VERSION = 1;
				DYLIB_CURRENT_VERSION = 1;
				DYLIB_INSTALL_NAME_BASE = "@rpath";
				ENABLE_NS_ASSERTIONS = NO;
				ENABLE_STRICT_OBJC_MSGSEND = YES;
				FRAMEWORK_SEARCH_PATHS = (
					"$(inherited)",
					"$(PROJECT_DIR)/Carthage/Build/iOS",
				);
				GCC_C_LANGUAGE_STANDARD = gnu99;
				GCC_NO_COMMON_BLOCKS = YES;
				GCC_WARN_64_TO_32_BIT_CONVERSION = YES;
				GCC_WARN_ABOUT_RETURN_TYPE = YES_ERROR;
				GCC_WARN_UNDECLARED_SELECTOR = YES;
				GCC_WARN_UNINITIALIZED_AUTOS = YES_AGGRESSIVE;
				GCC_WARN_UNUSED_FUNCTION = YES;
				GCC_WARN_UNUSED_VARIABLE = YES;
				INFOPLIST_FILE = SocketIO/Info.plist;
				INSTALL_PATH = "$(LOCAL_LIBRARY_DIR)/Frameworks";
				LD_RUNPATH_SEARCH_PATHS = "$(inherited) @executable_path/Frameworks @loader_path/Frameworks";
				MTL_ENABLE_DEBUG_INFO = NO;
				PRODUCT_BUNDLE_IDENTIFIER = io.socket.SocketIOClientSwift;
				SDKROOT = iphoneos;
				SKIP_INSTALL = YES;
				SWIFT_INCLUDE_PATHS = $SRCROOT/zlib;
				SWIFT_VERSION = 3.0;
				TARGETED_DEVICE_FAMILY = "1,2";
				VALIDATE_PRODUCT = YES;
				VERSIONING_SYSTEM = "apple-generic";
				VERSION_INFO_PREFIX = "";
			};
			name = Release;
		};
		572EF2311B51F16C00EEBB58 /* Debug */ = {
			isa = XCBuildConfiguration;
			buildSettings = {
				ALWAYS_SEARCH_USER_PATHS = NO;
				CLANG_CXX_LANGUAGE_STANDARD = "gnu++0x";
				CLANG_CXX_LIBRARY = "libc++";
				CLANG_ENABLE_MODULES = YES;
				CLANG_ENABLE_OBJC_ARC = YES;
				CLANG_WARN_BOOL_CONVERSION = YES;
				CLANG_WARN_CONSTANT_CONVERSION = YES;
				CLANG_WARN_DIRECT_OBJC_ISA_USAGE = YES_ERROR;
				CLANG_WARN_EMPTY_BODY = YES;
				CLANG_WARN_ENUM_CONVERSION = YES;
				CLANG_WARN_INT_CONVERSION = YES;
				CLANG_WARN_OBJC_ROOT_CLASS = YES_ERROR;
				CLANG_WARN_UNREACHABLE_CODE = YES;
				CLANG_WARN__DUPLICATE_METHOD_MATCH = YES;
				"CODE_SIGN_IDENTITY[sdk=iphoneos*]" = "iPhone Developer";
				COPY_PHASE_STRIP = NO;
				DEBUG_INFORMATION_FORMAT = "dwarf-with-dsym";
				ENABLE_STRICT_OBJC_MSGSEND = YES;
				FRAMEWORK_SEARCH_PATHS = (
					"$(SDKROOT)/Developer/Library/Frameworks",
					"$(inherited)",
				);
				GCC_C_LANGUAGE_STANDARD = gnu99;
				GCC_DYNAMIC_NO_PIC = NO;
				GCC_NO_COMMON_BLOCKS = YES;
				GCC_OPTIMIZATION_LEVEL = 0;
				GCC_PREPROCESSOR_DEFINITIONS = (
					"DEBUG=1",
					"$(inherited)",
				);
				GCC_SYMBOLS_PRIVATE_EXTERN = NO;
				GCC_WARN_64_TO_32_BIT_CONVERSION = YES;
				GCC_WARN_ABOUT_RETURN_TYPE = YES_ERROR;
				GCC_WARN_UNDECLARED_SELECTOR = YES;
				GCC_WARN_UNINITIALIZED_AUTOS = YES_AGGRESSIVE;
				GCC_WARN_UNUSED_FUNCTION = YES;
				GCC_WARN_UNUSED_VARIABLE = YES;
				INFOPLIST_FILE = Tests/Info.plist;
				IPHONEOS_DEPLOYMENT_TARGET = 8.4;
				LD_RUNPATH_SEARCH_PATHS = "$(inherited) @executable_path/Frameworks @loader_path/Frameworks";
				MTL_ENABLE_DEBUG_INFO = YES;
				ONLY_ACTIVE_ARCH = YES;
				PRODUCT_BUNDLE_IDENTIFIER = "io.socket.$(PRODUCT_NAME:rfc1034identifier)";
				PRODUCT_NAME = "$(TARGET_NAME)";
				SDKROOT = iphoneos;
			};
			name = Debug;
		};
		572EF2321B51F16C00EEBB58 /* Release */ = {
			isa = XCBuildConfiguration;
			buildSettings = {
				ALWAYS_SEARCH_USER_PATHS = NO;
				CLANG_CXX_LANGUAGE_STANDARD = "gnu++0x";
				CLANG_CXX_LIBRARY = "libc++";
				CLANG_ENABLE_MODULES = YES;
				CLANG_ENABLE_OBJC_ARC = YES;
				CLANG_WARN_BOOL_CONVERSION = YES;
				CLANG_WARN_CONSTANT_CONVERSION = YES;
				CLANG_WARN_DIRECT_OBJC_ISA_USAGE = YES_ERROR;
				CLANG_WARN_EMPTY_BODY = YES;
				CLANG_WARN_ENUM_CONVERSION = YES;
				CLANG_WARN_INT_CONVERSION = YES;
				CLANG_WARN_OBJC_ROOT_CLASS = YES_ERROR;
				CLANG_WARN_UNREACHABLE_CODE = YES;
				CLANG_WARN__DUPLICATE_METHOD_MATCH = YES;
				"CODE_SIGN_IDENTITY[sdk=iphoneos*]" = "iPhone Developer";
				COPY_PHASE_STRIP = NO;
				DEBUG_INFORMATION_FORMAT = "dwarf-with-dsym";
				ENABLE_NS_ASSERTIONS = NO;
				ENABLE_STRICT_OBJC_MSGSEND = YES;
				FRAMEWORK_SEARCH_PATHS = (
					"$(SDKROOT)/Developer/Library/Frameworks",
					"$(inherited)",
				);
				GCC_C_LANGUAGE_STANDARD = gnu99;
				GCC_NO_COMMON_BLOCKS = YES;
				GCC_WARN_64_TO_32_BIT_CONVERSION = YES;
				GCC_WARN_ABOUT_RETURN_TYPE = YES_ERROR;
				GCC_WARN_UNDECLARED_SELECTOR = YES;
				GCC_WARN_UNINITIALIZED_AUTOS = YES_AGGRESSIVE;
				GCC_WARN_UNUSED_FUNCTION = YES;
				GCC_WARN_UNUSED_VARIABLE = YES;
				INFOPLIST_FILE = Tests/Info.plist;
				IPHONEOS_DEPLOYMENT_TARGET = 8.4;
				LD_RUNPATH_SEARCH_PATHS = "$(inherited) @executable_path/Frameworks @loader_path/Frameworks";
				MTL_ENABLE_DEBUG_INFO = NO;
				PRODUCT_BUNDLE_IDENTIFIER = "io.socket.$(PRODUCT_NAME:rfc1034identifier)";
				PRODUCT_NAME = "$(TARGET_NAME)";
				SDKROOT = iphoneos;
				VALIDATE_PRODUCT = YES;
			};
			name = Release;
		};
/* End XCBuildConfiguration section */

/* Begin XCConfigurationList section */
		572EF2111B51F12F00EEBB58 /* Build configuration list for PBXProject "Socket.IO-Client-Swift" */ = {
			isa = XCConfigurationList;
			buildConfigurations = (
				572EF2121B51F12F00EEBB58 /* Debug */,
				572EF2131B51F12F00EEBB58 /* Release */,
			);
			defaultConfigurationIsVisible = 0;
			defaultConfigurationName = Release;
		};
		572EF22D1B51F16C00EEBB58 /* Build configuration list for PBXNativeTarget "SocketIO" */ = {
			isa = XCConfigurationList;
			buildConfigurations = (
				572EF22E1B51F16C00EEBB58 /* Debug */,
				572EF22F1B51F16C00EEBB58 /* Release */,
			);
			defaultConfigurationIsVisible = 0;
			defaultConfigurationName = Release;
		};
		572EF2301B51F16C00EEBB58 /* Build configuration list for PBXNativeTarget "SocketIOTests" */ = {
			isa = XCConfigurationList;
			buildConfigurations = (
				572EF2311B51F16C00EEBB58 /* Debug */,
				572EF2321B51F16C00EEBB58 /* Release */,
			);
			defaultConfigurationIsVisible = 0;
			defaultConfigurationName = Release;
		};
/* End XCConfigurationList section */
	};
	rootObject = 572EF20E1B51F12F00EEBB58 /* Project object */;
}
